
Microsoft Visual Studio Solution File, Format Version 12.00
# Visual Studio 2013
VisualStudioVersion = 12.0.31101.0
MinimumVisualStudioVersion = 10.0.40219.1
Project("{2150E333-8FDC-42A3-9474-1A3956D46DE8}") = "BasicUI_Paradox", "BasicUI_Paradox", "{650DFDF3-E237-4050-9753-C4C4776B0A90}"
	ProjectSection(SiliconStudioPackage) = preProject
		BasicUI_Paradox/BasicUI_Paradox.pdxpkg = BasicUI_Paradox/BasicUI_Paradox.pdxpkg
	EndProjectSection
EndProject
Project("{FAE04EC0-301F-11D3-BF4B-00C04F79EFBC}") = "BasicUI_Paradox.Windows", "BasicUI_Paradox\BasicUI_Paradox.Windows\BasicUI_Paradox.Windows.csproj", "{E171415E-F63A-4ADB-9F1D-35F83F00C484}"
	ProjectSection(ProjectDependencies) = postProject
		{7B998320-FA99-4F92-8A6F-7BA0538C353C} = {7B998320-FA99-4F92-8A6F-7BA0538C353C}
	EndProjectSection
EndProject
Project("{FAE04EC0-301F-11D3-BF4B-00C04F79EFBC}") = "BasicUI_Paradox.Game", "BasicUI_Paradox\BasicUI_Paradox.Game\BasicUI_Paradox.Game.csproj", "{44547B06-90D6-477F-9348-CDD1915F980B}"
EndProject
Project("{FAE04EC0-301F-11D3-BF4B-00C04F79EFBC}") = "UserInterface", "UserInterface\UserInterface.csproj", "{7B998320-FA99-4F92-8A6F-7BA0538C353C}"
EndProject
Global
	GlobalSection(SolutionConfigurationPlatforms) = preSolution
		AppStore|Any CPU = AppStore|Any CPU
		AppStore|Mixed Platforms = AppStore|Mixed Platforms
		AppStore|Windows = AppStore|Windows
		Debug|Any CPU = Debug|Any CPU
		Debug|Mixed Platforms = Debug|Mixed Platforms
		Debug|Windows = Debug|Windows
		Release|Any CPU = Release|Any CPU
		Release|Mixed Platforms = Release|Mixed Platforms
		Release|Windows = Release|Windows
		Testing|Any CPU = Testing|Any CPU
		Testing|Mixed Platforms = Testing|Mixed Platforms
		Testing|Windows = Testing|Windows
	EndGlobalSection
	GlobalSection(ProjectConfigurationPlatforms) = postSolution
		{E171415E-F63A-4ADB-9F1D-35F83F00C484}.AppStore|Any CPU.ActiveCfg = AppStore|Any CPU
		{E171415E-F63A-4ADB-9F1D-35F83F00C484}.AppStore|Any CPU.Build.0 = AppStore|Any CPU
		{E171415E-F63A-4ADB-9F1D-35F83F00C484}.AppStore|Any CPU.Deploy.0 = AppStore|Any CPU
		{E171415E-F63A-4ADB-9F1D-35F83F00C484}.AppStore|Mixed Platforms.ActiveCfg = AppStore|Any CPU
		{E171415E-F63A-4ADB-9F1D-35F83F00C484}.AppStore|Mixed Platforms.Build.0 = AppStore|Any CPU
		{E171415E-F63A-4ADB-9F1D-35F83F00C484}.AppStore|Mixed Platforms.Deploy.0 = AppStore|Any CPU
		{E171415E-F63A-4ADB-9F1D-35F83F00C484}.AppStore|Windows.ActiveCfg = AppStore|Any CPU
		{E171415E-F63A-4ADB-9F1D-35F83F00C484}.AppStore|Windows.Build.0 = AppStore|Any CPU
		{E171415E-F63A-4ADB-9F1D-35F83F00C484}.AppStore|Windows.Deploy.0 = AppStore|Any CPU
		{E171415E-F63A-4ADB-9F1D-35F83F00C484}.Debug|Any CPU.ActiveCfg = Debug|Any CPU
		{E171415E-F63A-4ADB-9F1D-35F83F00C484}.Debug|Any CPU.Build.0 = Debug|Any CPU
		{E171415E-F63A-4ADB-9F1D-35F83F00C484}.Debug|Any CPU.Deploy.0 = Debug|Any CPU
		{E171415E-F63A-4ADB-9F1D-35F83F00C484}.Debug|Mixed Platforms.ActiveCfg = Debug|Any CPU
		{E171415E-F63A-4ADB-9F1D-35F83F00C484}.Debug|Mixed Platforms.Build.0 = Debug|Any CPU
		{E171415E-F63A-4ADB-9F1D-35F83F00C484}.Debug|Mixed Platforms.Deploy.0 = Debug|Any CPU
		{E171415E-F63A-4ADB-9F1D-35F83F00C484}.Debug|Windows.ActiveCfg = Debug|Any CPU
		{E171415E-F63A-4ADB-9F1D-35F83F00C484}.Debug|Windows.Build.0 = Debug|Any CPU
		{E171415E-F63A-4ADB-9F1D-35F83F00C484}.Debug|Windows.Deploy.0 = Debug|Any CPU
		{E171415E-F63A-4ADB-9F1D-35F83F00C484}.Release|Any CPU.ActiveCfg = Release|Any CPU
		{E171415E-F63A-4ADB-9F1D-35F83F00C484}.Release|Any CPU.Build.0 = Release|Any CPU
		{E171415E-F63A-4ADB-9F1D-35F83F00C484}.Release|Any CPU.Deploy.0 = Release|Any CPU
		{E171415E-F63A-4ADB-9F1D-35F83F00C484}.Release|Mixed Platforms.ActiveCfg = Release|Any CPU
		{E171415E-F63A-4ADB-9F1D-35F83F00C484}.Release|Mixed Platforms.Build.0 = Release|Any CPU
		{E171415E-F63A-4ADB-9F1D-35F83F00C484}.Release|Mixed Platforms.Deploy.0 = Release|Any CPU
		{E171415E-F63A-4ADB-9F1D-35F83F00C484}.Release|Windows.ActiveCfg = Release|Any CPU
		{E171415E-F63A-4ADB-9F1D-35F83F00C484}.Release|Windows.Build.0 = Release|Any CPU
		{E171415E-F63A-4ADB-9F1D-35F83F00C484}.Release|Windows.Deploy.0 = Release|Any CPU
		{E171415E-F63A-4ADB-9F1D-35F83F00C484}.Testing|Any CPU.ActiveCfg = Testing|Any CPU
		{E171415E-F63A-4ADB-9F1D-35F83F00C484}.Testing|Any CPU.Build.0 = Testing|Any CPU
		{E171415E-F63A-4ADB-9F1D-35F83F00C484}.Testing|Any CPU.Deploy.0 = Testing|Any CPU
		{E171415E-F63A-4ADB-9F1D-35F83F00C484}.Testing|Mixed Platforms.ActiveCfg = Testing|Any CPU
		{E171415E-F63A-4ADB-9F1D-35F83F00C484}.Testing|Mixed Platforms.Build.0 = Testing|Any CPU
		{E171415E-F63A-4ADB-9F1D-35F83F00C484}.Testing|Mixed Platforms.Deploy.0 = Testing|Any CPU
		{E171415E-F63A-4ADB-9F1D-35F83F00C484}.Testing|Windows.ActiveCfg = Testing|Any CPU
		{E171415E-F63A-4ADB-9F1D-35F83F00C484}.Testing|Windows.Build.0 = Testing|Any CPU
		{E171415E-F63A-4ADB-9F1D-35F83F00C484}.Testing|Windows.Deploy.0 = Testing|Any CPU
		{44547B06-90D6-477F-9348-CDD1915F980B}.AppStore|Any CPU.ActiveCfg = AppStore|Any CPU
		{44547B06-90D6-477F-9348-CDD1915F980B}.AppStore|Any CPU.Build.0 = AppStore|Any CPU
		{44547B06-90D6-477F-9348-CDD1915F980B}.AppStore|Mixed Platforms.ActiveCfg = AppStore|Any CPU
		{44547B06-90D6-477F-9348-CDD1915F980B}.AppStore|Mixed Platforms.Build.0 = AppStore|Any CPU
		{44547B06-90D6-477F-9348-CDD1915F980B}.AppStore|Windows.ActiveCfg = AppStore|Any CPU
		{44547B06-90D6-477F-9348-CDD1915F980B}.AppStore|Windows.Build.0 = AppStore|Any CPU
		{44547B06-90D6-477F-9348-CDD1915F980B}.Debug|Any CPU.ActiveCfg = Debug|Any CPU
		{44547B06-90D6-477F-9348-CDD1915F980B}.Debug|Any CPU.Build.0 = Debug|Any CPU
		{44547B06-90D6-477F-9348-CDD1915F980B}.Debug|Mixed Platforms.ActiveCfg = Debug|Any CPU
		{44547B06-90D6-477F-9348-CDD1915F980B}.Debug|Mixed Platforms.Build.0 = Debug|Any CPU
		{44547B06-90D6-477F-9348-CDD1915F980B}.Debug|Windows.ActiveCfg = Debug|Any CPU
		{44547B06-90D6-477F-9348-CDD1915F980B}.Debug|Windows.Build.0 = Debug|Any CPU
		{44547B06-90D6-477F-9348-CDD1915F980B}.Release|Any CPU.ActiveCfg = Release|Any CPU
		{44547B06-90D6-477F-9348-CDD1915F980B}.Release|Any CPU.Build.0 = Release|Any CPU
		{44547B06-90D6-477F-9348-CDD1915F980B}.Release|Mixed Platforms.ActiveCfg = Release|Any CPU
		{44547B06-90D6-477F-9348-CDD1915F980B}.Release|Mixed Platforms.Build.0 = Release|Any CPU
		{44547B06-90D6-477F-9348-CDD1915F980B}.Release|Windows.ActiveCfg = Release|Any CPU
		{44547B06-90D6-477F-9348-CDD1915F980B}.Release|Windows.Build.0 = Release|Any CPU
		{44547B06-90D6-477F-9348-CDD1915F980B}.Testing|Any CPU.ActiveCfg = Testing|Any CPU
		{44547B06-90D6-477F-9348-CDD1915F980B}.Testing|Any CPU.Build.0 = Testing|Any CPU
		{44547B06-90D6-477F-9348-CDD1915F980B}.Testing|Mixed Platforms.ActiveCfg = Testing|Any CPU
		{44547B06-90D6-477F-9348-CDD1915F980B}.Testing|Mixed Platforms.Build.0 = Testing|Any CPU
		{44547B06-90D6-477F-9348-CDD1915F980B}.Testing|Windows.ActiveCfg = Testing|Any CPU
		{44547B06-90D6-477F-9348-CDD1915F980B}.Testing|Windows.Build.0 = Testing|Any CPU
		{7B998320-FA99-4F92-8A6F-7BA0538C353C}.AppStore|Any CPU.ActiveCfg = Release|Any CPU
		{7B998320-FA99-4F92-8A6F-7BA0538C353C}.AppStore|Any CPU.Build.0 = Release|Any CPU
		{7B998320-FA99-4F92-8A6F-7BA0538C353C}.AppStore|Mixed Platforms.ActiveCfg = Release|Any CPU
		{7B998320-FA99-4F92-8A6F-7BA0538C353C}.AppStore|Mixed Platforms.Build.0 = Release|Any CPU
		{7B998320-FA99-4F92-8A6F-7BA0538C353C}.AppStore|Windows.ActiveCfg = Release|Any CPU
		{7B998320-FA99-4F92-8A6F-7BA0538C353C}.AppStore|Windows.Build.0 = Release|Any CPU
		{7B998320-FA99-4F92-8A6F-7BA0538C353C}.Debug|Any CPU.ActiveCfg = Debug|Any CPU
		{7B998320-FA99-4F92-8A6F-7BA0538C353C}.Debug|Any CPU.Build.0 = Debug|Any CPU
		{7B998320-FA99-4F92-8A6F-7BA0538C353C}.Debug|Mixed Platforms.ActiveCfg = Debug|Any CPU
		{7B998320-FA99-4F92-8A6F-7BA0538C353C}.Debug|Mixed Platforms.Build.0 = Debug|Any CPU
		{7B998320-FA99-4F92-8A6F-7BA0538C353C}.Debug|Windows.ActiveCfg = Debug|Any CPU
		{7B998320-FA99-4F92-8A6F-7BA0538C353C}.Debug|Windows.Build.0 = Debug|Any CPU
		{7B998320-FA99-4F92-8A6F-7BA0538C353C}.Release|Any CPU.ActiveCfg = Release|Any CPU
		{7B998320-FA99-4F92-8A6F-7BA0538C353C}.Release|Any CPU.Build.0 = Release|Any CPU
		{7B998320-FA99-4F92-8A6F-7BA0538C353C}.Release|Mixed Platforms.ActiveCfg = Release|Any CPU
		{7B998320-FA99-4F92-8A6F-7BA0538C353C}.Release|Mixed Platforms.Build.0 = Release|Any CPU
		{7B998320-FA99-4F92-8A6F-7BA0538C353C}.Release|Windows.ActiveCfg = Release|Any CPU
		{7B998320-FA99-4F92-8A6F-7BA0538C353C}.Release|Windows.Build.0 = Release|Any CPU
		{7B998320-FA99-4F92-8A6F-7BA0538C353C}.Testing|Any CPU.ActiveCfg = Release|Any CPU
		{7B998320-FA99-4F92-8A6F-7BA0538C353C}.Testing|Any CPU.Build.0 = Release|Any CPU
		{7B998320-FA99-4F92-8A6F-7BA0538C353C}.Testing|Mixed Platforms.ActiveCfg = Release|Any CPU
		{7B998320-FA99-4F92-8A6F-7BA0538C353C}.Testing|Mixed Platforms.Build.0 = Release|Any CPU
		{7B998320-FA99-4F92-8A6F-7BA0538C353C}.Testing|Windows.ActiveCfg = Release|Any CPU
		{7B998320-FA99-4F92-8A6F-7BA0538C353C}.Testing|Windows.Build.0 = Release|Any CPU
	EndGlobalSection
	GlobalSection(SolutionProperties) = preSolution
		HideSolutionNode = FALSE
	EndGlobalSection
	GlobalSection(NestedProjects) = preSolution
		{E171415E-F63A-4ADB-9F1D-35F83F00C484} = {650DFDF3-E237-4050-9753-C4C4776B0A90}
		{44547B06-90D6-477F-9348-CDD1915F980B} = {650DFDF3-E237-4050-9753-C4C4776B0A90}
	EndGlobalSection
EndGlobal
