
Microsoft Visual Studio Solution File, Format Version 12.00
# Visual Studio 2013
VisualStudioVersion = 12.0.31101.0
MinimumVisualStudioVersion = 10.0.40219.1
Project("{FAE04EC0-301F-11D3-BF4B-00C04F79EFBC}") = "BasicUI_MonoGame_Win_Desktop", "BasicUI_MonoGame_Win_Desktop\BasicUI_MonoGame_Win_Desktop.csproj", "{33FA0DFF-98CB-4F38-8C5C-70BDD4239892}"
EndProject
Project("{FAE04EC0-301F-11D3-BF4B-00C04F79EFBC}") = "GameUILibrary", "GameUILibrary\GameUILibrary.csproj", "{556DEE67-1170-4F93-88DE-2175C97FCF3C}"
	ProjectSection(ProjectDependencies) = postProject
		{E66E4C19-43B7-42AC-BF64-98C3A6D2C4D1} = {E66E4C19-43B7-42AC-BF64-98C3A6D2C4D1}
	EndProjectSection
EndProject
Project("{FAE04EC0-301F-11D3-BF4B-00C04F79EFBC}") = "UserInterface", "UserInterface\UserInterface.csproj", "{E66E4C19-43B7-42AC-BF64-98C3A6D2C4D1}"
EndProject
Project("{FAE04EC0-301F-11D3-BF4B-00C04F79EFBC}") = "BasicUI_MonoGame_WinStore", "BasicUI_MonoGame_WinStore\BasicUI_MonoGame_WinStore.csproj", "{F3145853-DDB7-48D6-A0D1-B698F788CA30}"
EndProject
Project("{FAE04EC0-301F-11D3-BF4B-00C04F79EFBC}") = "BasicUI_MonoGame_Linux", "BasicUI_MonoGame_Linux\BasicUI_MonoGame_Linux.csproj", "{E6428FB1-FF9E-4A0E-B40B-1BDDCF7913BB}"
EndProject
Project("{2150E333-8FDC-42A3-9474-1A3956D46DE8}") = "Solution Items", "Solution Items", "{DEE5B4D0-AE4E-45FB-A4AA-C718AB4D829D}"
	ProjectSection(SolutionItems) = preProject
		Content\Content.mgcb = Content\Content.mgcb
	EndProjectSection
EndProject
Project("{FAE04EC0-301F-11D3-BF4B-00C04F79EFBC}") = "GameData", "GameData\GameData.csproj", "{650D2C89-DAA1-45C4-A660-2BDE693C1FB6}"
EndProject
Project("{2150E333-8FDC-42A3-9474-1A3956D46DE8}") = "BasicUI_MonoGame_Universal", "BasicUI_MonoGame_Universal", "{7BA298B6-E22B-493A-AAA6-4031584474DA}"
EndProject
Project("{D954291E-2A0B-460D-934E-DC6B0785DB48}") = "BasicUI_MonoGame_Universal.Shared", "BasicUI_MonoGame_Universal\BasicUI_MonoGame_Universal.Shared\BasicUI_MonoGame_Universal.Shared.shproj", "{035EFE4A-037F-4A44-99CF-57B6C483A97A}"
EndProject
Project("{FAE04EC0-301F-11D3-BF4B-00C04F79EFBC}") = "BasicUI_MonoGame_Universal.Windows", "BasicUI_MonoGame_Universal\BasicUI_MonoGame_Universal.Windows\BasicUI_MonoGame_Universal.Windows.csproj", "{38A10C53-A6E9-4F4F-AD24-517C9FEF8A14}"
EndProject
Project("{FAE04EC0-301F-11D3-BF4B-00C04F79EFBC}") = "BasicUI_MonoGame_Universal.WindowsPhone", "BasicUI_MonoGame_Universal\BasicUI_MonoGame_Universal.WindowsPhone\BasicUI_MonoGame_Universal.WindowsPhone.csproj", "{95A19950-B203-44F8-996F-D8860B8D8E46}"
EndProject
Global
	GlobalSection(SharedMSBuildProjectFiles) = preSolution
		BasicUI_MonoGame_Universal\BasicUI_MonoGame_Universal.Shared\Shared.Application.Shared.projitems*{38a10c53-a6e9-4f4f-ad24-517c9fef8a14}*SharedItemsImports = 4
		BasicUI_MonoGame_Universal\BasicUI_MonoGame_Universal.Shared\Shared.Application.Shared.projitems*{95a19950-b203-44f8-996f-d8860b8d8e46}*SharedItemsImports = 4
		BasicUI_MonoGame_Universal\BasicUI_MonoGame_Universal.Shared\Shared.Application.Shared.projitems*{035efe4a-037f-4a44-99cf-57b6c483a97a}*SharedItemsImports = 13
	EndGlobalSection
	GlobalSection(SolutionConfigurationPlatforms) = preSolution
		Android|Any CPU = Android|Any CPU
		Android|ARM = Android|ARM
		Android|Mixed Platforms = Android|Mixed Platforms
		Android|x64 = Android|x64
		Android|x86 = Android|x86
		Debug|Any CPU = Debug|Any CPU
		Debug|ARM = Debug|ARM
		Debug|Mixed Platforms = Debug|Mixed Platforms
		Debug|x64 = Debug|x64
		Debug|x86 = Debug|x86
		iOS|Any CPU = iOS|Any CPU
		iOS|ARM = iOS|ARM
		iOS|Mixed Platforms = iOS|Mixed Platforms
		iOS|x64 = iOS|x64
		iOS|x86 = iOS|x86
		Linux|Any CPU = Linux|Any CPU
		Linux|ARM = Linux|ARM
		Linux|Mixed Platforms = Linux|Mixed Platforms
		Linux|x64 = Linux|x64
		Linux|x86 = Linux|x86
		OSX|Any CPU = OSX|Any CPU
		OSX|ARM = OSX|ARM
		OSX|Mixed Platforms = OSX|Mixed Platforms
		OSX|x64 = OSX|x64
		OSX|x86 = OSX|x86
		PSM|Any CPU = PSM|Any CPU
		PSM|ARM = PSM|ARM
		PSM|Mixed Platforms = PSM|Mixed Platforms
		PSM|x64 = PSM|x64
		PSM|x86 = PSM|x86
		Release|Any CPU = Release|Any CPU
		Release|ARM = Release|ARM
		Release|Mixed Platforms = Release|Mixed Platforms
		Release|x64 = Release|x64
		Release|x86 = Release|x86
		Windows|Any CPU = Windows|Any CPU
		Windows|ARM = Windows|ARM
		Windows|Mixed Platforms = Windows|Mixed Platforms
		Windows|x64 = Windows|x64
		Windows|x86 = Windows|x86
		Windows8|Any CPU = Windows8|Any CPU
		Windows8|ARM = Windows8|ARM
		Windows8|Mixed Platforms = Windows8|Mixed Platforms
		Windows8|x64 = Windows8|x64
		Windows8|x86 = Windows8|x86
	EndGlobalSection
	GlobalSection(ProjectConfigurationPlatforms) = postSolution
		{33FA0DFF-98CB-4F38-8C5C-70BDD4239892}.Android|Any CPU.ActiveCfg = Release|Any CPU
		{33FA0DFF-98CB-4F38-8C5C-70BDD4239892}.Android|Any CPU.Build.0 = Release|Any CPU
		{33FA0DFF-98CB-4F38-8C5C-70BDD4239892}.Android|ARM.ActiveCfg = Debug|Any CPU
		{33FA0DFF-98CB-4F38-8C5C-70BDD4239892}.Android|Mixed Platforms.ActiveCfg = Debug|x86
		{33FA0DFF-98CB-4F38-8C5C-70BDD4239892}.Android|Mixed Platforms.Build.0 = Debug|x86
		{33FA0DFF-98CB-4F38-8C5C-70BDD4239892}.Android|x64.ActiveCfg = Debug|Any CPU
		{33FA0DFF-98CB-4F38-8C5C-70BDD4239892}.Android|x86.ActiveCfg = Release|x86
		{33FA0DFF-98CB-4F38-8C5C-70BDD4239892}.Android|x86.Build.0 = Release|x86
		{33FA0DFF-98CB-4F38-8C5C-70BDD4239892}.Debug|Any CPU.ActiveCfg = Debug|Any CPU
		{33FA0DFF-98CB-4F38-8C5C-70BDD4239892}.Debug|Any CPU.Build.0 = Debug|Any CPU
		{33FA0DFF-98CB-4F38-8C5C-70BDD4239892}.Debug|ARM.ActiveCfg = Debug|Any CPU
		{33FA0DFF-98CB-4F38-8C5C-70BDD4239892}.Debug|Mixed Platforms.ActiveCfg = Debug|x86
		{33FA0DFF-98CB-4F38-8C5C-70BDD4239892}.Debug|Mixed Platforms.Build.0 = Debug|x86
		{33FA0DFF-98CB-4F38-8C5C-70BDD4239892}.Debug|x64.ActiveCfg = Debug|Any CPU
		{33FA0DFF-98CB-4F38-8C5C-70BDD4239892}.Debug|x86.ActiveCfg = Debug|x86
		{33FA0DFF-98CB-4F38-8C5C-70BDD4239892}.Debug|x86.Build.0 = Debug|x86
		{33FA0DFF-98CB-4F38-8C5C-70BDD4239892}.iOS|Any CPU.ActiveCfg = Release|Any CPU
		{33FA0DFF-98CB-4F38-8C5C-70BDD4239892}.iOS|Any CPU.Build.0 = Release|Any CPU
		{33FA0DFF-98CB-4F38-8C5C-70BDD4239892}.iOS|ARM.ActiveCfg = Debug|Any CPU
		{33FA0DFF-98CB-4F38-8C5C-70BDD4239892}.iOS|Mixed Platforms.ActiveCfg = Debug|x86
		{33FA0DFF-98CB-4F38-8C5C-70BDD4239892}.iOS|Mixed Platforms.Build.0 = Debug|x86
		{33FA0DFF-98CB-4F38-8C5C-70BDD4239892}.iOS|x64.ActiveCfg = Debug|Any CPU
		{33FA0DFF-98CB-4F38-8C5C-70BDD4239892}.iOS|x86.ActiveCfg = Release|x86
		{33FA0DFF-98CB-4F38-8C5C-70BDD4239892}.iOS|x86.Build.0 = Release|x86
		{33FA0DFF-98CB-4F38-8C5C-70BDD4239892}.Linux|Any CPU.ActiveCfg = Release|Any CPU
		{33FA0DFF-98CB-4F38-8C5C-70BDD4239892}.Linux|Any CPU.Build.0 = Release|Any CPU
		{33FA0DFF-98CB-4F38-8C5C-70BDD4239892}.Linux|ARM.ActiveCfg = Debug|Any CPU
		{33FA0DFF-98CB-4F38-8C5C-70BDD4239892}.Linux|Mixed Platforms.ActiveCfg = Debug|x86
		{33FA0DFF-98CB-4F38-8C5C-70BDD4239892}.Linux|Mixed Platforms.Build.0 = Debug|x86
		{33FA0DFF-98CB-4F38-8C5C-70BDD4239892}.Linux|x64.ActiveCfg = Debug|Any CPU
		{33FA0DFF-98CB-4F38-8C5C-70BDD4239892}.Linux|x86.ActiveCfg = Release|x86
		{33FA0DFF-98CB-4F38-8C5C-70BDD4239892}.Linux|x86.Build.0 = Release|x86
		{33FA0DFF-98CB-4F38-8C5C-70BDD4239892}.OSX|Any CPU.ActiveCfg = Release|Any CPU
		{33FA0DFF-98CB-4F38-8C5C-70BDD4239892}.OSX|Any CPU.Build.0 = Release|Any CPU
		{33FA0DFF-98CB-4F38-8C5C-70BDD4239892}.OSX|ARM.ActiveCfg = Debug|Any CPU
		{33FA0DFF-98CB-4F38-8C5C-70BDD4239892}.OSX|Mixed Platforms.ActiveCfg = Debug|x86
		{33FA0DFF-98CB-4F38-8C5C-70BDD4239892}.OSX|Mixed Platforms.Build.0 = Debug|x86
		{33FA0DFF-98CB-4F38-8C5C-70BDD4239892}.OSX|x64.ActiveCfg = Debug|Any CPU
		{33FA0DFF-98CB-4F38-8C5C-70BDD4239892}.OSX|x86.ActiveCfg = Release|x86
		{33FA0DFF-98CB-4F38-8C5C-70BDD4239892}.OSX|x86.Build.0 = Release|x86
		{33FA0DFF-98CB-4F38-8C5C-70BDD4239892}.PSM|Any CPU.ActiveCfg = Release|Any CPU
		{33FA0DFF-98CB-4F38-8C5C-70BDD4239892}.PSM|Any CPU.Build.0 = Release|Any CPU
		{33FA0DFF-98CB-4F38-8C5C-70BDD4239892}.PSM|ARM.ActiveCfg = Debug|Any CPU
		{33FA0DFF-98CB-4F38-8C5C-70BDD4239892}.PSM|Mixed Platforms.ActiveCfg = Debug|x86
		{33FA0DFF-98CB-4F38-8C5C-70BDD4239892}.PSM|Mixed Platforms.Build.0 = Debug|x86
		{33FA0DFF-98CB-4F38-8C5C-70BDD4239892}.PSM|x64.ActiveCfg = Debug|Any CPU
		{33FA0DFF-98CB-4F38-8C5C-70BDD4239892}.PSM|x86.ActiveCfg = Release|x86
		{33FA0DFF-98CB-4F38-8C5C-70BDD4239892}.PSM|x86.Build.0 = Release|x86
		{33FA0DFF-98CB-4F38-8C5C-70BDD4239892}.Release|Any CPU.ActiveCfg = Release|Any CPU
		{33FA0DFF-98CB-4F38-8C5C-70BDD4239892}.Release|Any CPU.Build.0 = Release|Any CPU
		{33FA0DFF-98CB-4F38-8C5C-70BDD4239892}.Release|ARM.ActiveCfg = Release|Any CPU
		{33FA0DFF-98CB-4F38-8C5C-70BDD4239892}.Release|Mixed Platforms.ActiveCfg = Release|x86
		{33FA0DFF-98CB-4F38-8C5C-70BDD4239892}.Release|Mixed Platforms.Build.0 = Release|x86
		{33FA0DFF-98CB-4F38-8C5C-70BDD4239892}.Release|x64.ActiveCfg = Release|Any CPU
		{33FA0DFF-98CB-4F38-8C5C-70BDD4239892}.Release|x86.ActiveCfg = Release|x86
		{33FA0DFF-98CB-4F38-8C5C-70BDD4239892}.Release|x86.Build.0 = Release|x86
		{33FA0DFF-98CB-4F38-8C5C-70BDD4239892}.Windows|Any CPU.ActiveCfg = Release|Any CPU
		{33FA0DFF-98CB-4F38-8C5C-70BDD4239892}.Windows|Any CPU.Build.0 = Release|Any CPU
		{33FA0DFF-98CB-4F38-8C5C-70BDD4239892}.Windows|ARM.ActiveCfg = Debug|Any CPU
		{33FA0DFF-98CB-4F38-8C5C-70BDD4239892}.Windows|Mixed Platforms.ActiveCfg = Debug|x86
		{33FA0DFF-98CB-4F38-8C5C-70BDD4239892}.Windows|Mixed Platforms.Build.0 = Debug|x86
		{33FA0DFF-98CB-4F38-8C5C-70BDD4239892}.Windows|x64.ActiveCfg = Debug|Any CPU
		{33FA0DFF-98CB-4F38-8C5C-70BDD4239892}.Windows|x86.ActiveCfg = Release|x86
		{33FA0DFF-98CB-4F38-8C5C-70BDD4239892}.Windows|x86.Build.0 = Release|x86
		{33FA0DFF-98CB-4F38-8C5C-70BDD4239892}.Windows8|Any CPU.ActiveCfg = Release|Any CPU
		{33FA0DFF-98CB-4F38-8C5C-70BDD4239892}.Windows8|Any CPU.Build.0 = Release|Any CPU
		{33FA0DFF-98CB-4F38-8C5C-70BDD4239892}.Windows8|ARM.ActiveCfg = Debug|Any CPU
		{33FA0DFF-98CB-4F38-8C5C-70BDD4239892}.Windows8|Mixed Platforms.ActiveCfg = Debug|x86
		{33FA0DFF-98CB-4F38-8C5C-70BDD4239892}.Windows8|Mixed Platforms.Build.0 = Debug|x86
		{33FA0DFF-98CB-4F38-8C5C-70BDD4239892}.Windows8|x64.ActiveCfg = Debug|Any CPU
		{33FA0DFF-98CB-4F38-8C5C-70BDD4239892}.Windows8|x86.ActiveCfg = Release|x86
		{33FA0DFF-98CB-4F38-8C5C-70BDD4239892}.Windows8|x86.Build.0 = Release|x86
		{556DEE67-1170-4F93-88DE-2175C97FCF3C}.Android|Any CPU.ActiveCfg = Release|Any CPU
		{556DEE67-1170-4F93-88DE-2175C97FCF3C}.Android|Any CPU.Build.0 = Release|Any CPU
		{556DEE67-1170-4F93-88DE-2175C97FCF3C}.Android|ARM.ActiveCfg = Debug|Any CPU
		{556DEE67-1170-4F93-88DE-2175C97FCF3C}.Android|Mixed Platforms.ActiveCfg = Debug|Any CPU
		{556DEE67-1170-4F93-88DE-2175C97FCF3C}.Android|Mixed Platforms.Build.0 = Debug|Any CPU
		{556DEE67-1170-4F93-88DE-2175C97FCF3C}.Android|x64.ActiveCfg = Debug|Any CPU
		{556DEE67-1170-4F93-88DE-2175C97FCF3C}.Android|x86.ActiveCfg = Release|Any CPU
		{556DEE67-1170-4F93-88DE-2175C97FCF3C}.Debug|Any CPU.ActiveCfg = Debug|Any CPU
		{556DEE67-1170-4F93-88DE-2175C97FCF3C}.Debug|Any CPU.Build.0 = Debug|Any CPU
		{556DEE67-1170-4F93-88DE-2175C97FCF3C}.Debug|ARM.ActiveCfg = Debug|Any CPU
		{556DEE67-1170-4F93-88DE-2175C97FCF3C}.Debug|Mixed Platforms.ActiveCfg = Debug|Any CPU
		{556DEE67-1170-4F93-88DE-2175C97FCF3C}.Debug|Mixed Platforms.Build.0 = Debug|Any CPU
		{556DEE67-1170-4F93-88DE-2175C97FCF3C}.Debug|x64.ActiveCfg = Debug|Any CPU
		{556DEE67-1170-4F93-88DE-2175C97FCF3C}.Debug|x86.ActiveCfg = Debug|Any CPU
		{556DEE67-1170-4F93-88DE-2175C97FCF3C}.iOS|Any CPU.ActiveCfg = Release|Any CPU
		{556DEE67-1170-4F93-88DE-2175C97FCF3C}.iOS|Any CPU.Build.0 = Release|Any CPU
		{556DEE67-1170-4F93-88DE-2175C97FCF3C}.iOS|ARM.ActiveCfg = Debug|Any CPU
		{556DEE67-1170-4F93-88DE-2175C97FCF3C}.iOS|Mixed Platforms.ActiveCfg = Debug|Any CPU
		{556DEE67-1170-4F93-88DE-2175C97FCF3C}.iOS|Mixed Platforms.Build.0 = Debug|Any CPU
		{556DEE67-1170-4F93-88DE-2175C97FCF3C}.iOS|x64.ActiveCfg = Debug|Any CPU
		{556DEE67-1170-4F93-88DE-2175C97FCF3C}.iOS|x86.ActiveCfg = Release|Any CPU
		{556DEE67-1170-4F93-88DE-2175C97FCF3C}.Linux|Any CPU.ActiveCfg = Release|Any CPU
		{556DEE67-1170-4F93-88DE-2175C97FCF3C}.Linux|Any CPU.Build.0 = Release|Any CPU
		{556DEE67-1170-4F93-88DE-2175C97FCF3C}.Linux|ARM.ActiveCfg = Debug|Any CPU
		{556DEE67-1170-4F93-88DE-2175C97FCF3C}.Linux|Mixed Platforms.ActiveCfg = Debug|Any CPU
		{556DEE67-1170-4F93-88DE-2175C97FCF3C}.Linux|Mixed Platforms.Build.0 = Debug|Any CPU
		{556DEE67-1170-4F93-88DE-2175C97FCF3C}.Linux|x64.ActiveCfg = Debug|Any CPU
		{556DEE67-1170-4F93-88DE-2175C97FCF3C}.Linux|x86.ActiveCfg = Release|Any CPU
		{556DEE67-1170-4F93-88DE-2175C97FCF3C}.OSX|Any CPU.ActiveCfg = Release|Any CPU
		{556DEE67-1170-4F93-88DE-2175C97FCF3C}.OSX|Any CPU.Build.0 = Release|Any CPU
		{556DEE67-1170-4F93-88DE-2175C97FCF3C}.OSX|ARM.ActiveCfg = Debug|Any CPU
		{556DEE67-1170-4F93-88DE-2175C97FCF3C}.OSX|Mixed Platforms.ActiveCfg = Debug|Any CPU
		{556DEE67-1170-4F93-88DE-2175C97FCF3C}.OSX|Mixed Platforms.Build.0 = Debug|Any CPU
		{556DEE67-1170-4F93-88DE-2175C97FCF3C}.OSX|x64.ActiveCfg = Debug|Any CPU
		{556DEE67-1170-4F93-88DE-2175C97FCF3C}.OSX|x86.ActiveCfg = Release|Any CPU
		{556DEE67-1170-4F93-88DE-2175C97FCF3C}.PSM|Any CPU.ActiveCfg = Release|Any CPU
		{556DEE67-1170-4F93-88DE-2175C97FCF3C}.PSM|Any CPU.Build.0 = Release|Any CPU
		{556DEE67-1170-4F93-88DE-2175C97FCF3C}.PSM|ARM.ActiveCfg = Debug|Any CPU
		{556DEE67-1170-4F93-88DE-2175C97FCF3C}.PSM|Mixed Platforms.ActiveCfg = Debug|Any CPU
		{556DEE67-1170-4F93-88DE-2175C97FCF3C}.PSM|Mixed Platforms.Build.0 = Debug|Any CPU
		{556DEE67-1170-4F93-88DE-2175C97FCF3C}.PSM|x64.ActiveCfg = Debug|Any CPU
		{556DEE67-1170-4F93-88DE-2175C97FCF3C}.PSM|x86.ActiveCfg = Release|Any CPU
		{556DEE67-1170-4F93-88DE-2175C97FCF3C}.Release|Any CPU.ActiveCfg = Release|Any CPU
		{556DEE67-1170-4F93-88DE-2175C97FCF3C}.Release|Any CPU.Build.0 = Release|Any CPU
		{556DEE67-1170-4F93-88DE-2175C97FCF3C}.Release|ARM.ActiveCfg = Release|Any CPU
		{556DEE67-1170-4F93-88DE-2175C97FCF3C}.Release|Mixed Platforms.ActiveCfg = Release|Any CPU
		{556DEE67-1170-4F93-88DE-2175C97FCF3C}.Release|Mixed Platforms.Build.0 = Release|Any CPU
		{556DEE67-1170-4F93-88DE-2175C97FCF3C}.Release|x64.ActiveCfg = Release|Any CPU
		{556DEE67-1170-4F93-88DE-2175C97FCF3C}.Release|x86.ActiveCfg = Release|Any CPU
		{556DEE67-1170-4F93-88DE-2175C97FCF3C}.Windows|Any CPU.ActiveCfg = Release|Any CPU
		{556DEE67-1170-4F93-88DE-2175C97FCF3C}.Windows|Any CPU.Build.0 = Release|Any CPU
		{556DEE67-1170-4F93-88DE-2175C97FCF3C}.Windows|ARM.ActiveCfg = Debug|Any CPU
		{556DEE67-1170-4F93-88DE-2175C97FCF3C}.Windows|Mixed Platforms.ActiveCfg = Debug|Any CPU
		{556DEE67-1170-4F93-88DE-2175C97FCF3C}.Windows|Mixed Platforms.Build.0 = Debug|Any CPU
		{556DEE67-1170-4F93-88DE-2175C97FCF3C}.Windows|x64.ActiveCfg = Debug|Any CPU
		{556DEE67-1170-4F93-88DE-2175C97FCF3C}.Windows|x86.ActiveCfg = Release|Any CPU
		{556DEE67-1170-4F93-88DE-2175C97FCF3C}.Windows8|Any CPU.ActiveCfg = Release|Any CPU
		{556DEE67-1170-4F93-88DE-2175C97FCF3C}.Windows8|Any CPU.Build.0 = Release|Any CPU
		{556DEE67-1170-4F93-88DE-2175C97FCF3C}.Windows8|ARM.ActiveCfg = Debug|Any CPU
		{556DEE67-1170-4F93-88DE-2175C97FCF3C}.Windows8|Mixed Platforms.ActiveCfg = Debug|Any CPU
		{556DEE67-1170-4F93-88DE-2175C97FCF3C}.Windows8|Mixed Platforms.Build.0 = Debug|Any CPU
		{556DEE67-1170-4F93-88DE-2175C97FCF3C}.Windows8|x64.ActiveCfg = Debug|Any CPU
		{556DEE67-1170-4F93-88DE-2175C97FCF3C}.Windows8|x86.ActiveCfg = Release|Any CPU
		{E66E4C19-43B7-42AC-BF64-98C3A6D2C4D1}.Android|Any CPU.ActiveCfg = Release|Any CPU
		{E66E4C19-43B7-42AC-BF64-98C3A6D2C4D1}.Android|Any CPU.Build.0 = Release|Any CPU
		{E66E4C19-43B7-42AC-BF64-98C3A6D2C4D1}.Android|ARM.ActiveCfg = Debug|Any CPU
		{E66E4C19-43B7-42AC-BF64-98C3A6D2C4D1}.Android|Mixed Platforms.ActiveCfg = Debug|Any CPU
		{E66E4C19-43B7-42AC-BF64-98C3A6D2C4D1}.Android|Mixed Platforms.Build.0 = Debug|Any CPU
		{E66E4C19-43B7-42AC-BF64-98C3A6D2C4D1}.Android|x64.ActiveCfg = Debug|Any CPU
		{E66E4C19-43B7-42AC-BF64-98C3A6D2C4D1}.Android|x86.ActiveCfg = Release|Any CPU
		{E66E4C19-43B7-42AC-BF64-98C3A6D2C4D1}.Debug|Any CPU.ActiveCfg = Debug|Any CPU
		{E66E4C19-43B7-42AC-BF64-98C3A6D2C4D1}.Debug|Any CPU.Build.0 = Debug|Any CPU
		{E66E4C19-43B7-42AC-BF64-98C3A6D2C4D1}.Debug|ARM.ActiveCfg = Debug|Any CPU
		{E66E4C19-43B7-42AC-BF64-98C3A6D2C4D1}.Debug|Mixed Platforms.ActiveCfg = Debug|Any CPU
		{E66E4C19-43B7-42AC-BF64-98C3A6D2C4D1}.Debug|Mixed Platforms.Build.0 = Debug|Any CPU
		{E66E4C19-43B7-42AC-BF64-98C3A6D2C4D1}.Debug|x64.ActiveCfg = Debug|Any CPU
		{E66E4C19-43B7-42AC-BF64-98C3A6D2C4D1}.Debug|x86.ActiveCfg = Debug|Any CPU
		{E66E4C19-43B7-42AC-BF64-98C3A6D2C4D1}.iOS|Any CPU.ActiveCfg = Release|Any CPU
		{E66E4C19-43B7-42AC-BF64-98C3A6D2C4D1}.iOS|Any CPU.Build.0 = Release|Any CPU
		{E66E4C19-43B7-42AC-BF64-98C3A6D2C4D1}.iOS|ARM.ActiveCfg = Debug|Any CPU
		{E66E4C19-43B7-42AC-BF64-98C3A6D2C4D1}.iOS|Mixed Platforms.ActiveCfg = Debug|Any CPU
		{E66E4C19-43B7-42AC-BF64-98C3A6D2C4D1}.iOS|Mixed Platforms.Build.0 = Debug|Any CPU
		{E66E4C19-43B7-42AC-BF64-98C3A6D2C4D1}.iOS|x64.ActiveCfg = Debug|Any CPU
		{E66E4C19-43B7-42AC-BF64-98C3A6D2C4D1}.iOS|x86.ActiveCfg = Release|Any CPU
		{E66E4C19-43B7-42AC-BF64-98C3A6D2C4D1}.Linux|Any CPU.ActiveCfg = Release|Any CPU
		{E66E4C19-43B7-42AC-BF64-98C3A6D2C4D1}.Linux|Any CPU.Build.0 = Release|Any CPU
		{E66E4C19-43B7-42AC-BF64-98C3A6D2C4D1}.Linux|ARM.ActiveCfg = Debug|Any CPU
		{E66E4C19-43B7-42AC-BF64-98C3A6D2C4D1}.Linux|Mixed Platforms.ActiveCfg = Debug|Any CPU
		{E66E4C19-43B7-42AC-BF64-98C3A6D2C4D1}.Linux|Mixed Platforms.Build.0 = Debug|Any CPU
		{E66E4C19-43B7-42AC-BF64-98C3A6D2C4D1}.Linux|x64.ActiveCfg = Debug|Any CPU
		{E66E4C19-43B7-42AC-BF64-98C3A6D2C4D1}.Linux|x86.ActiveCfg = Release|Any CPU
		{E66E4C19-43B7-42AC-BF64-98C3A6D2C4D1}.OSX|Any CPU.ActiveCfg = Release|Any CPU
		{E66E4C19-43B7-42AC-BF64-98C3A6D2C4D1}.OSX|Any CPU.Build.0 = Release|Any CPU
		{E66E4C19-43B7-42AC-BF64-98C3A6D2C4D1}.OSX|ARM.ActiveCfg = Debug|Any CPU
		{E66E4C19-43B7-42AC-BF64-98C3A6D2C4D1}.OSX|Mixed Platforms.ActiveCfg = Debug|Any CPU
		{E66E4C19-43B7-42AC-BF64-98C3A6D2C4D1}.OSX|Mixed Platforms.Build.0 = Debug|Any CPU
		{E66E4C19-43B7-42AC-BF64-98C3A6D2C4D1}.OSX|x64.ActiveCfg = Debug|Any CPU
		{E66E4C19-43B7-42AC-BF64-98C3A6D2C4D1}.OSX|x86.ActiveCfg = Release|Any CPU
		{E66E4C19-43B7-42AC-BF64-98C3A6D2C4D1}.PSM|Any CPU.ActiveCfg = Release|Any CPU
		{E66E4C19-43B7-42AC-BF64-98C3A6D2C4D1}.PSM|Any CPU.Build.0 = Release|Any CPU
		{E66E4C19-43B7-42AC-BF64-98C3A6D2C4D1}.PSM|ARM.ActiveCfg = Debug|Any CPU
		{E66E4C19-43B7-42AC-BF64-98C3A6D2C4D1}.PSM|Mixed Platforms.ActiveCfg = Debug|Any CPU
		{E66E4C19-43B7-42AC-BF64-98C3A6D2C4D1}.PSM|Mixed Platforms.Build.0 = Debug|Any CPU
		{E66E4C19-43B7-42AC-BF64-98C3A6D2C4D1}.PSM|x64.ActiveCfg = Debug|Any CPU
		{E66E4C19-43B7-42AC-BF64-98C3A6D2C4D1}.PSM|x86.ActiveCfg = Release|Any CPU
		{E66E4C19-43B7-42AC-BF64-98C3A6D2C4D1}.Release|Any CPU.ActiveCfg = Release|Any CPU
		{E66E4C19-43B7-42AC-BF64-98C3A6D2C4D1}.Release|Any CPU.Build.0 = Release|Any CPU
		{E66E4C19-43B7-42AC-BF64-98C3A6D2C4D1}.Release|ARM.ActiveCfg = Release|Any CPU
		{E66E4C19-43B7-42AC-BF64-98C3A6D2C4D1}.Release|Mixed Platforms.ActiveCfg = Release|Any CPU
		{E66E4C19-43B7-42AC-BF64-98C3A6D2C4D1}.Release|Mixed Platforms.Build.0 = Release|Any CPU
		{E66E4C19-43B7-42AC-BF64-98C3A6D2C4D1}.Release|x64.ActiveCfg = Release|Any CPU
		{E66E4C19-43B7-42AC-BF64-98C3A6D2C4D1}.Release|x86.ActiveCfg = Release|Any CPU
		{E66E4C19-43B7-42AC-BF64-98C3A6D2C4D1}.Windows|Any CPU.ActiveCfg = Release|Any CPU
		{E66E4C19-43B7-42AC-BF64-98C3A6D2C4D1}.Windows|Any CPU.Build.0 = Release|Any CPU
		{E66E4C19-43B7-42AC-BF64-98C3A6D2C4D1}.Windows|ARM.ActiveCfg = Debug|Any CPU
		{E66E4C19-43B7-42AC-BF64-98C3A6D2C4D1}.Windows|Mixed Platforms.ActiveCfg = Debug|Any CPU
		{E66E4C19-43B7-42AC-BF64-98C3A6D2C4D1}.Windows|Mixed Platforms.Build.0 = Debug|Any CPU
		{E66E4C19-43B7-42AC-BF64-98C3A6D2C4D1}.Windows|x64.ActiveCfg = Debug|Any CPU
		{E66E4C19-43B7-42AC-BF64-98C3A6D2C4D1}.Windows|x86.ActiveCfg = Release|Any CPU
		{E66E4C19-43B7-42AC-BF64-98C3A6D2C4D1}.Windows8|Any CPU.ActiveCfg = Release|Any CPU
		{E66E4C19-43B7-42AC-BF64-98C3A6D2C4D1}.Windows8|Any CPU.Build.0 = Release|Any CPU
		{E66E4C19-43B7-42AC-BF64-98C3A6D2C4D1}.Windows8|ARM.ActiveCfg = Debug|Any CPU
		{E66E4C19-43B7-42AC-BF64-98C3A6D2C4D1}.Windows8|Mixed Platforms.ActiveCfg = Debug|Any CPU
		{E66E4C19-43B7-42AC-BF64-98C3A6D2C4D1}.Windows8|Mixed Platforms.Build.0 = Debug|Any CPU
		{E66E4C19-43B7-42AC-BF64-98C3A6D2C4D1}.Windows8|x64.ActiveCfg = Debug|Any CPU
		{E66E4C19-43B7-42AC-BF64-98C3A6D2C4D1}.Windows8|x86.ActiveCfg = Release|Any CPU
		{F3145853-DDB7-48D6-A0D1-B698F788CA30}.Android|Any CPU.ActiveCfg = Release|Any CPU
		{F3145853-DDB7-48D6-A0D1-B698F788CA30}.Android|Any CPU.Build.0 = Release|Any CPU
		{F3145853-DDB7-48D6-A0D1-B698F788CA30}.Android|Any CPU.Deploy.0 = Release|Any CPU
		{F3145853-DDB7-48D6-A0D1-B698F788CA30}.Android|ARM.ActiveCfg = Release|ARM
		{F3145853-DDB7-48D6-A0D1-B698F788CA30}.Android|ARM.Build.0 = Release|ARM
		{F3145853-DDB7-48D6-A0D1-B698F788CA30}.Android|ARM.Deploy.0 = Release|ARM
		{F3145853-DDB7-48D6-A0D1-B698F788CA30}.Android|Mixed Platforms.ActiveCfg = Release|x86
		{F3145853-DDB7-48D6-A0D1-B698F788CA30}.Android|Mixed Platforms.Build.0 = Release|x86
		{F3145853-DDB7-48D6-A0D1-B698F788CA30}.Android|Mixed Platforms.Deploy.0 = Release|x86
		{F3145853-DDB7-48D6-A0D1-B698F788CA30}.Android|x64.ActiveCfg = Release|x64
		{F3145853-DDB7-48D6-A0D1-B698F788CA30}.Android|x64.Build.0 = Release|x64
		{F3145853-DDB7-48D6-A0D1-B698F788CA30}.Android|x64.Deploy.0 = Release|x64
		{F3145853-DDB7-48D6-A0D1-B698F788CA30}.Android|x86.ActiveCfg = Release|x86
		{F3145853-DDB7-48D6-A0D1-B698F788CA30}.Android|x86.Build.0 = Release|x86
		{F3145853-DDB7-48D6-A0D1-B698F788CA30}.Android|x86.Deploy.0 = Release|x86
		{F3145853-DDB7-48D6-A0D1-B698F788CA30}.Debug|Any CPU.ActiveCfg = Debug|Any CPU
		{F3145853-DDB7-48D6-A0D1-B698F788CA30}.Debug|Any CPU.Build.0 = Debug|Any CPU
		{F3145853-DDB7-48D6-A0D1-B698F788CA30}.Debug|Any CPU.Deploy.0 = Debug|Any CPU
		{F3145853-DDB7-48D6-A0D1-B698F788CA30}.Debug|ARM.ActiveCfg = Debug|ARM
		{F3145853-DDB7-48D6-A0D1-B698F788CA30}.Debug|ARM.Build.0 = Debug|ARM
		{F3145853-DDB7-48D6-A0D1-B698F788CA30}.Debug|ARM.Deploy.0 = Debug|ARM
		{F3145853-DDB7-48D6-A0D1-B698F788CA30}.Debug|Mixed Platforms.ActiveCfg = Debug|x86
		{F3145853-DDB7-48D6-A0D1-B698F788CA30}.Debug|Mixed Platforms.Build.0 = Debug|x86
		{F3145853-DDB7-48D6-A0D1-B698F788CA30}.Debug|Mixed Platforms.Deploy.0 = Debug|x86
		{F3145853-DDB7-48D6-A0D1-B698F788CA30}.Debug|x64.ActiveCfg = Debug|x64
		{F3145853-DDB7-48D6-A0D1-B698F788CA30}.Debug|x64.Build.0 = Debug|x64
		{F3145853-DDB7-48D6-A0D1-B698F788CA30}.Debug|x64.Deploy.0 = Debug|x64
		{F3145853-DDB7-48D6-A0D1-B698F788CA30}.Debug|x86.ActiveCfg = Debug|x86
		{F3145853-DDB7-48D6-A0D1-B698F788CA30}.Debug|x86.Build.0 = Debug|x86
		{F3145853-DDB7-48D6-A0D1-B698F788CA30}.Debug|x86.Deploy.0 = Debug|x86
		{F3145853-DDB7-48D6-A0D1-B698F788CA30}.iOS|Any CPU.ActiveCfg = Release|Any CPU
		{F3145853-DDB7-48D6-A0D1-B698F788CA30}.iOS|Any CPU.Build.0 = Release|Any CPU
		{F3145853-DDB7-48D6-A0D1-B698F788CA30}.iOS|Any CPU.Deploy.0 = Release|Any CPU
		{F3145853-DDB7-48D6-A0D1-B698F788CA30}.iOS|ARM.ActiveCfg = Release|ARM
		{F3145853-DDB7-48D6-A0D1-B698F788CA30}.iOS|ARM.Build.0 = Release|ARM
		{F3145853-DDB7-48D6-A0D1-B698F788CA30}.iOS|ARM.Deploy.0 = Release|ARM
		{F3145853-DDB7-48D6-A0D1-B698F788CA30}.iOS|Mixed Platforms.ActiveCfg = Release|x86
		{F3145853-DDB7-48D6-A0D1-B698F788CA30}.iOS|Mixed Platforms.Build.0 = Release|x86
		{F3145853-DDB7-48D6-A0D1-B698F788CA30}.iOS|Mixed Platforms.Deploy.0 = Release|x86
		{F3145853-DDB7-48D6-A0D1-B698F788CA30}.iOS|x64.ActiveCfg = Release|x64
		{F3145853-DDB7-48D6-A0D1-B698F788CA30}.iOS|x64.Build.0 = Release|x64
		{F3145853-DDB7-48D6-A0D1-B698F788CA30}.iOS|x64.Deploy.0 = Release|x64
		{F3145853-DDB7-48D6-A0D1-B698F788CA30}.iOS|x86.ActiveCfg = Release|x86
		{F3145853-DDB7-48D6-A0D1-B698F788CA30}.iOS|x86.Build.0 = Release|x86
		{F3145853-DDB7-48D6-A0D1-B698F788CA30}.iOS|x86.Deploy.0 = Release|x86
		{F3145853-DDB7-48D6-A0D1-B698F788CA30}.Linux|Any CPU.ActiveCfg = Release|Any CPU
		{F3145853-DDB7-48D6-A0D1-B698F788CA30}.Linux|Any CPU.Build.0 = Release|Any CPU
		{F3145853-DDB7-48D6-A0D1-B698F788CA30}.Linux|Any CPU.Deploy.0 = Release|Any CPU
		{F3145853-DDB7-48D6-A0D1-B698F788CA30}.Linux|ARM.ActiveCfg = Release|ARM
		{F3145853-DDB7-48D6-A0D1-B698F788CA30}.Linux|ARM.Build.0 = Release|ARM
		{F3145853-DDB7-48D6-A0D1-B698F788CA30}.Linux|ARM.Deploy.0 = Release|ARM
		{F3145853-DDB7-48D6-A0D1-B698F788CA30}.Linux|Mixed Platforms.ActiveCfg = Release|x86
		{F3145853-DDB7-48D6-A0D1-B698F788CA30}.Linux|Mixed Platforms.Build.0 = Release|x86
		{F3145853-DDB7-48D6-A0D1-B698F788CA30}.Linux|Mixed Platforms.Deploy.0 = Release|x86
		{F3145853-DDB7-48D6-A0D1-B698F788CA30}.Linux|x64.ActiveCfg = Release|x64
		{F3145853-DDB7-48D6-A0D1-B698F788CA30}.Linux|x64.Build.0 = Release|x64
		{F3145853-DDB7-48D6-A0D1-B698F788CA30}.Linux|x64.Deploy.0 = Release|x64
		{F3145853-DDB7-48D6-A0D1-B698F788CA30}.Linux|x86.ActiveCfg = Release|x86
		{F3145853-DDB7-48D6-A0D1-B698F788CA30}.Linux|x86.Build.0 = Release|x86
		{F3145853-DDB7-48D6-A0D1-B698F788CA30}.Linux|x86.Deploy.0 = Release|x86
		{F3145853-DDB7-48D6-A0D1-B698F788CA30}.OSX|Any CPU.ActiveCfg = Release|Any CPU
		{F3145853-DDB7-48D6-A0D1-B698F788CA30}.OSX|Any CPU.Build.0 = Release|Any CPU
		{F3145853-DDB7-48D6-A0D1-B698F788CA30}.OSX|Any CPU.Deploy.0 = Release|Any CPU
		{F3145853-DDB7-48D6-A0D1-B698F788CA30}.OSX|ARM.ActiveCfg = Release|ARM
		{F3145853-DDB7-48D6-A0D1-B698F788CA30}.OSX|ARM.Build.0 = Release|ARM
		{F3145853-DDB7-48D6-A0D1-B698F788CA30}.OSX|ARM.Deploy.0 = Release|ARM
		{F3145853-DDB7-48D6-A0D1-B698F788CA30}.OSX|Mixed Platforms.ActiveCfg = Release|x86
		{F3145853-DDB7-48D6-A0D1-B698F788CA30}.OSX|Mixed Platforms.Build.0 = Release|x86
		{F3145853-DDB7-48D6-A0D1-B698F788CA30}.OSX|Mixed Platforms.Deploy.0 = Release|x86
		{F3145853-DDB7-48D6-A0D1-B698F788CA30}.OSX|x64.ActiveCfg = Release|x64
		{F3145853-DDB7-48D6-A0D1-B698F788CA30}.OSX|x64.Build.0 = Release|x64
		{F3145853-DDB7-48D6-A0D1-B698F788CA30}.OSX|x64.Deploy.0 = Release|x64
		{F3145853-DDB7-48D6-A0D1-B698F788CA30}.OSX|x86.ActiveCfg = Release|x86
		{F3145853-DDB7-48D6-A0D1-B698F788CA30}.OSX|x86.Build.0 = Release|x86
		{F3145853-DDB7-48D6-A0D1-B698F788CA30}.OSX|x86.Deploy.0 = Release|x86
		{F3145853-DDB7-48D6-A0D1-B698F788CA30}.PSM|Any CPU.ActiveCfg = Release|Any CPU
		{F3145853-DDB7-48D6-A0D1-B698F788CA30}.PSM|Any CPU.Build.0 = Release|Any CPU
		{F3145853-DDB7-48D6-A0D1-B698F788CA30}.PSM|Any CPU.Deploy.0 = Release|Any CPU
		{F3145853-DDB7-48D6-A0D1-B698F788CA30}.PSM|ARM.ActiveCfg = Release|ARM
		{F3145853-DDB7-48D6-A0D1-B698F788CA30}.PSM|ARM.Build.0 = Release|ARM
		{F3145853-DDB7-48D6-A0D1-B698F788CA30}.PSM|ARM.Deploy.0 = Release|ARM
		{F3145853-DDB7-48D6-A0D1-B698F788CA30}.PSM|Mixed Platforms.ActiveCfg = Release|x86
		{F3145853-DDB7-48D6-A0D1-B698F788CA30}.PSM|Mixed Platforms.Build.0 = Release|x86
		{F3145853-DDB7-48D6-A0D1-B698F788CA30}.PSM|Mixed Platforms.Deploy.0 = Release|x86
		{F3145853-DDB7-48D6-A0D1-B698F788CA30}.PSM|x64.ActiveCfg = Release|x64
		{F3145853-DDB7-48D6-A0D1-B698F788CA30}.PSM|x64.Build.0 = Release|x64
		{F3145853-DDB7-48D6-A0D1-B698F788CA30}.PSM|x64.Deploy.0 = Release|x64
		{F3145853-DDB7-48D6-A0D1-B698F788CA30}.PSM|x86.ActiveCfg = Release|x86
		{F3145853-DDB7-48D6-A0D1-B698F788CA30}.PSM|x86.Build.0 = Release|x86
		{F3145853-DDB7-48D6-A0D1-B698F788CA30}.PSM|x86.Deploy.0 = Release|x86
		{F3145853-DDB7-48D6-A0D1-B698F788CA30}.Release|Any CPU.ActiveCfg = Release|Any CPU
		{F3145853-DDB7-48D6-A0D1-B698F788CA30}.Release|Any CPU.Build.0 = Release|Any CPU
		{F3145853-DDB7-48D6-A0D1-B698F788CA30}.Release|Any CPU.Deploy.0 = Release|Any CPU
		{F3145853-DDB7-48D6-A0D1-B698F788CA30}.Release|ARM.ActiveCfg = Release|ARM
		{F3145853-DDB7-48D6-A0D1-B698F788CA30}.Release|ARM.Build.0 = Release|ARM
		{F3145853-DDB7-48D6-A0D1-B698F788CA30}.Release|ARM.Deploy.0 = Release|ARM
		{F3145853-DDB7-48D6-A0D1-B698F788CA30}.Release|Mixed Platforms.ActiveCfg = Release|x86
		{F3145853-DDB7-48D6-A0D1-B698F788CA30}.Release|Mixed Platforms.Build.0 = Release|x86
		{F3145853-DDB7-48D6-A0D1-B698F788CA30}.Release|Mixed Platforms.Deploy.0 = Release|x86
		{F3145853-DDB7-48D6-A0D1-B698F788CA30}.Release|x64.ActiveCfg = Release|x64
		{F3145853-DDB7-48D6-A0D1-B698F788CA30}.Release|x64.Build.0 = Release|x64
		{F3145853-DDB7-48D6-A0D1-B698F788CA30}.Release|x64.Deploy.0 = Release|x64
		{F3145853-DDB7-48D6-A0D1-B698F788CA30}.Release|x86.ActiveCfg = Release|x86
		{F3145853-DDB7-48D6-A0D1-B698F788CA30}.Release|x86.Build.0 = Release|x86
		{F3145853-DDB7-48D6-A0D1-B698F788CA30}.Release|x86.Deploy.0 = Release|x86
		{F3145853-DDB7-48D6-A0D1-B698F788CA30}.Windows|Any CPU.ActiveCfg = Release|Any CPU
		{F3145853-DDB7-48D6-A0D1-B698F788CA30}.Windows|Any CPU.Build.0 = Release|Any CPU
		{F3145853-DDB7-48D6-A0D1-B698F788CA30}.Windows|Any CPU.Deploy.0 = Release|Any CPU
		{F3145853-DDB7-48D6-A0D1-B698F788CA30}.Windows|ARM.ActiveCfg = Release|ARM
		{F3145853-DDB7-48D6-A0D1-B698F788CA30}.Windows|ARM.Build.0 = Release|ARM
		{F3145853-DDB7-48D6-A0D1-B698F788CA30}.Windows|ARM.Deploy.0 = Release|ARM
		{F3145853-DDB7-48D6-A0D1-B698F788CA30}.Windows|Mixed Platforms.ActiveCfg = Release|x86
		{F3145853-DDB7-48D6-A0D1-B698F788CA30}.Windows|Mixed Platforms.Build.0 = Release|x86
		{F3145853-DDB7-48D6-A0D1-B698F788CA30}.Windows|Mixed Platforms.Deploy.0 = Release|x86
		{F3145853-DDB7-48D6-A0D1-B698F788CA30}.Windows|x64.ActiveCfg = Release|x64
		{F3145853-DDB7-48D6-A0D1-B698F788CA30}.Windows|x64.Build.0 = Release|x64
		{F3145853-DDB7-48D6-A0D1-B698F788CA30}.Windows|x64.Deploy.0 = Release|x64
		{F3145853-DDB7-48D6-A0D1-B698F788CA30}.Windows|x86.ActiveCfg = Release|x86
		{F3145853-DDB7-48D6-A0D1-B698F788CA30}.Windows|x86.Build.0 = Release|x86
		{F3145853-DDB7-48D6-A0D1-B698F788CA30}.Windows|x86.Deploy.0 = Release|x86
		{F3145853-DDB7-48D6-A0D1-B698F788CA30}.Windows8|Any CPU.ActiveCfg = Release|Any CPU
		{F3145853-DDB7-48D6-A0D1-B698F788CA30}.Windows8|Any CPU.Build.0 = Release|Any CPU
		{F3145853-DDB7-48D6-A0D1-B698F788CA30}.Windows8|Any CPU.Deploy.0 = Release|Any CPU
		{F3145853-DDB7-48D6-A0D1-B698F788CA30}.Windows8|ARM.ActiveCfg = Release|ARM
		{F3145853-DDB7-48D6-A0D1-B698F788CA30}.Windows8|ARM.Build.0 = Release|ARM
		{F3145853-DDB7-48D6-A0D1-B698F788CA30}.Windows8|ARM.Deploy.0 = Release|ARM
		{F3145853-DDB7-48D6-A0D1-B698F788CA30}.Windows8|Mixed Platforms.ActiveCfg = Release|x86
		{F3145853-DDB7-48D6-A0D1-B698F788CA30}.Windows8|Mixed Platforms.Build.0 = Release|x86
		{F3145853-DDB7-48D6-A0D1-B698F788CA30}.Windows8|Mixed Platforms.Deploy.0 = Release|x86
		{F3145853-DDB7-48D6-A0D1-B698F788CA30}.Windows8|x64.ActiveCfg = Release|x64
		{F3145853-DDB7-48D6-A0D1-B698F788CA30}.Windows8|x64.Build.0 = Release|x64
		{F3145853-DDB7-48D6-A0D1-B698F788CA30}.Windows8|x64.Deploy.0 = Release|x64
		{F3145853-DDB7-48D6-A0D1-B698F788CA30}.Windows8|x86.ActiveCfg = Release|x86
		{F3145853-DDB7-48D6-A0D1-B698F788CA30}.Windows8|x86.Build.0 = Release|x86
		{F3145853-DDB7-48D6-A0D1-B698F788CA30}.Windows8|x86.Deploy.0 = Release|x86
		{E6428FB1-FF9E-4A0E-B40B-1BDDCF7913BB}.Android|Any CPU.ActiveCfg = Release|x86
		{E6428FB1-FF9E-4A0E-B40B-1BDDCF7913BB}.Android|ARM.ActiveCfg = Release|x86
		{E6428FB1-FF9E-4A0E-B40B-1BDDCF7913BB}.Android|Mixed Platforms.ActiveCfg = Release|x86
		{E6428FB1-FF9E-4A0E-B40B-1BDDCF7913BB}.Android|Mixed Platforms.Build.0 = Release|x86
		{E6428FB1-FF9E-4A0E-B40B-1BDDCF7913BB}.Android|x64.ActiveCfg = Release|x86
		{E6428FB1-FF9E-4A0E-B40B-1BDDCF7913BB}.Android|x86.ActiveCfg = Release|x86
		{E6428FB1-FF9E-4A0E-B40B-1BDDCF7913BB}.Android|x86.Build.0 = Release|x86
		{E6428FB1-FF9E-4A0E-B40B-1BDDCF7913BB}.Debug|Any CPU.ActiveCfg = Debug|Any CPU
		{E6428FB1-FF9E-4A0E-B40B-1BDDCF7913BB}.Debug|Any CPU.Build.0 = Debug|Any CPU
		{E6428FB1-FF9E-4A0E-B40B-1BDDCF7913BB}.Debug|ARM.ActiveCfg = Debug|x86
		{E6428FB1-FF9E-4A0E-B40B-1BDDCF7913BB}.Debug|Mixed Platforms.ActiveCfg = Debug|x86
		{E6428FB1-FF9E-4A0E-B40B-1BDDCF7913BB}.Debug|Mixed Platforms.Build.0 = Debug|x86
		{E6428FB1-FF9E-4A0E-B40B-1BDDCF7913BB}.Debug|x64.ActiveCfg = Debug|x86
		{E6428FB1-FF9E-4A0E-B40B-1BDDCF7913BB}.Debug|x86.ActiveCfg = Debug|x86
		{E6428FB1-FF9E-4A0E-B40B-1BDDCF7913BB}.Debug|x86.Build.0 = Debug|x86
		{E6428FB1-FF9E-4A0E-B40B-1BDDCF7913BB}.iOS|Any CPU.ActiveCfg = Release|x86
		{E6428FB1-FF9E-4A0E-B40B-1BDDCF7913BB}.iOS|ARM.ActiveCfg = Release|x86
		{E6428FB1-FF9E-4A0E-B40B-1BDDCF7913BB}.iOS|Mixed Platforms.ActiveCfg = Release|x86
		{E6428FB1-FF9E-4A0E-B40B-1BDDCF7913BB}.iOS|Mixed Platforms.Build.0 = Release|x86
		{E6428FB1-FF9E-4A0E-B40B-1BDDCF7913BB}.iOS|x64.ActiveCfg = Release|x86
		{E6428FB1-FF9E-4A0E-B40B-1BDDCF7913BB}.iOS|x86.ActiveCfg = Release|x86
		{E6428FB1-FF9E-4A0E-B40B-1BDDCF7913BB}.iOS|x86.Build.0 = Release|x86
		{E6428FB1-FF9E-4A0E-B40B-1BDDCF7913BB}.Linux|Any CPU.ActiveCfg = Release|x86
		{E6428FB1-FF9E-4A0E-B40B-1BDDCF7913BB}.Linux|ARM.ActiveCfg = Release|x86
		{E6428FB1-FF9E-4A0E-B40B-1BDDCF7913BB}.Linux|Mixed Platforms.ActiveCfg = Release|x86
		{E6428FB1-FF9E-4A0E-B40B-1BDDCF7913BB}.Linux|Mixed Platforms.Build.0 = Release|x86
		{E6428FB1-FF9E-4A0E-B40B-1BDDCF7913BB}.Linux|x64.ActiveCfg = Release|x86
		{E6428FB1-FF9E-4A0E-B40B-1BDDCF7913BB}.Linux|x86.ActiveCfg = Release|x86
		{E6428FB1-FF9E-4A0E-B40B-1BDDCF7913BB}.Linux|x86.Build.0 = Release|x86
		{E6428FB1-FF9E-4A0E-B40B-1BDDCF7913BB}.OSX|Any CPU.ActiveCfg = Release|x86
		{E6428FB1-FF9E-4A0E-B40B-1BDDCF7913BB}.OSX|ARM.ActiveCfg = Release|x86
		{E6428FB1-FF9E-4A0E-B40B-1BDDCF7913BB}.OSX|Mixed Platforms.ActiveCfg = Release|x86
		{E6428FB1-FF9E-4A0E-B40B-1BDDCF7913BB}.OSX|Mixed Platforms.Build.0 = Release|x86
		{E6428FB1-FF9E-4A0E-B40B-1BDDCF7913BB}.OSX|x64.ActiveCfg = Release|x86
		{E6428FB1-FF9E-4A0E-B40B-1BDDCF7913BB}.OSX|x86.ActiveCfg = Release|x86
		{E6428FB1-FF9E-4A0E-B40B-1BDDCF7913BB}.OSX|x86.Build.0 = Release|x86
		{E6428FB1-FF9E-4A0E-B40B-1BDDCF7913BB}.PSM|Any CPU.ActiveCfg = Release|x86
		{E6428FB1-FF9E-4A0E-B40B-1BDDCF7913BB}.PSM|ARM.ActiveCfg = Release|x86
		{E6428FB1-FF9E-4A0E-B40B-1BDDCF7913BB}.PSM|Mixed Platforms.ActiveCfg = Release|x86
		{E6428FB1-FF9E-4A0E-B40B-1BDDCF7913BB}.PSM|Mixed Platforms.Build.0 = Release|x86
		{E6428FB1-FF9E-4A0E-B40B-1BDDCF7913BB}.PSM|x64.ActiveCfg = Release|x86
		{E6428FB1-FF9E-4A0E-B40B-1BDDCF7913BB}.PSM|x86.ActiveCfg = Release|x86
		{E6428FB1-FF9E-4A0E-B40B-1BDDCF7913BB}.PSM|x86.Build.0 = Release|x86
		{E6428FB1-FF9E-4A0E-B40B-1BDDCF7913BB}.Release|Any CPU.ActiveCfg = Release|Any CPU
		{E6428FB1-FF9E-4A0E-B40B-1BDDCF7913BB}.Release|Any CPU.Build.0 = Release|Any CPU
		{E6428FB1-FF9E-4A0E-B40B-1BDDCF7913BB}.Release|ARM.ActiveCfg = Release|x86
		{E6428FB1-FF9E-4A0E-B40B-1BDDCF7913BB}.Release|Mixed Platforms.ActiveCfg = Release|x86
		{E6428FB1-FF9E-4A0E-B40B-1BDDCF7913BB}.Release|Mixed Platforms.Build.0 = Release|x86
		{E6428FB1-FF9E-4A0E-B40B-1BDDCF7913BB}.Release|x64.ActiveCfg = Release|x86
		{E6428FB1-FF9E-4A0E-B40B-1BDDCF7913BB}.Release|x86.ActiveCfg = Release|x86
		{E6428FB1-FF9E-4A0E-B40B-1BDDCF7913BB}.Release|x86.Build.0 = Release|x86
		{E6428FB1-FF9E-4A0E-B40B-1BDDCF7913BB}.Windows|Any CPU.ActiveCfg = Release|x86
		{E6428FB1-FF9E-4A0E-B40B-1BDDCF7913BB}.Windows|ARM.ActiveCfg = Release|x86
		{E6428FB1-FF9E-4A0E-B40B-1BDDCF7913BB}.Windows|Mixed Platforms.ActiveCfg = Release|x86
		{E6428FB1-FF9E-4A0E-B40B-1BDDCF7913BB}.Windows|Mixed Platforms.Build.0 = Release|x86
		{E6428FB1-FF9E-4A0E-B40B-1BDDCF7913BB}.Windows|x64.ActiveCfg = Release|x86
		{E6428FB1-FF9E-4A0E-B40B-1BDDCF7913BB}.Windows|x86.ActiveCfg = Release|x86
		{E6428FB1-FF9E-4A0E-B40B-1BDDCF7913BB}.Windows|x86.Build.0 = Release|x86
		{E6428FB1-FF9E-4A0E-B40B-1BDDCF7913BB}.Windows8|Any CPU.ActiveCfg = Release|x86
		{E6428FB1-FF9E-4A0E-B40B-1BDDCF7913BB}.Windows8|ARM.ActiveCfg = Release|x86
		{E6428FB1-FF9E-4A0E-B40B-1BDDCF7913BB}.Windows8|Mixed Platforms.ActiveCfg = Release|x86
		{E6428FB1-FF9E-4A0E-B40B-1BDDCF7913BB}.Windows8|Mixed Platforms.Build.0 = Release|x86
		{E6428FB1-FF9E-4A0E-B40B-1BDDCF7913BB}.Windows8|x64.ActiveCfg = Release|x86
		{E6428FB1-FF9E-4A0E-B40B-1BDDCF7913BB}.Windows8|x86.ActiveCfg = Release|x86
		{E6428FB1-FF9E-4A0E-B40B-1BDDCF7913BB}.Windows8|x86.Build.0 = Release|x86
		{650D2C89-DAA1-45C4-A660-2BDE693C1FB6}.Android|Any CPU.ActiveCfg = Release|Any CPU
		{650D2C89-DAA1-45C4-A660-2BDE693C1FB6}.Android|Any CPU.Build.0 = Release|Any CPU
		{650D2C89-DAA1-45C4-A660-2BDE693C1FB6}.Android|ARM.ActiveCfg = Release|Any CPU
		{650D2C89-DAA1-45C4-A660-2BDE693C1FB6}.Android|Mixed Platforms.ActiveCfg = Release|Any CPU
		{650D2C89-DAA1-45C4-A660-2BDE693C1FB6}.Android|Mixed Platforms.Build.0 = Release|Any CPU
		{650D2C89-DAA1-45C4-A660-2BDE693C1FB6}.Android|x64.ActiveCfg = Release|Any CPU
		{650D2C89-DAA1-45C4-A660-2BDE693C1FB6}.Android|x86.ActiveCfg = Release|Any CPU
		{650D2C89-DAA1-45C4-A660-2BDE693C1FB6}.Debug|Any CPU.ActiveCfg = Debug|Any CPU
		{650D2C89-DAA1-45C4-A660-2BDE693C1FB6}.Debug|Any CPU.Build.0 = Debug|Any CPU
		{650D2C89-DAA1-45C4-A660-2BDE693C1FB6}.Debug|ARM.ActiveCfg = Debug|Any CPU
		{650D2C89-DAA1-45C4-A660-2BDE693C1FB6}.Debug|Mixed Platforms.ActiveCfg = Debug|Any CPU
		{650D2C89-DAA1-45C4-A660-2BDE693C1FB6}.Debug|Mixed Platforms.Build.0 = Debug|Any CPU
		{650D2C89-DAA1-45C4-A660-2BDE693C1FB6}.Debug|x64.ActiveCfg = Debug|Any CPU
		{650D2C89-DAA1-45C4-A660-2BDE693C1FB6}.Debug|x86.ActiveCfg = Debug|Any CPU
		{650D2C89-DAA1-45C4-A660-2BDE693C1FB6}.iOS|Any CPU.ActiveCfg = Release|Any CPU
		{650D2C89-DAA1-45C4-A660-2BDE693C1FB6}.iOS|Any CPU.Build.0 = Release|Any CPU
		{650D2C89-DAA1-45C4-A660-2BDE693C1FB6}.iOS|ARM.ActiveCfg = Release|Any CPU
		{650D2C89-DAA1-45C4-A660-2BDE693C1FB6}.iOS|Mixed Platforms.ActiveCfg = Release|Any CPU
		{650D2C89-DAA1-45C4-A660-2BDE693C1FB6}.iOS|Mixed Platforms.Build.0 = Release|Any CPU
		{650D2C89-DAA1-45C4-A660-2BDE693C1FB6}.iOS|x64.ActiveCfg = Release|Any CPU
		{650D2C89-DAA1-45C4-A660-2BDE693C1FB6}.iOS|x86.ActiveCfg = Release|Any CPU
		{650D2C89-DAA1-45C4-A660-2BDE693C1FB6}.Linux|Any CPU.ActiveCfg = Release|Any CPU
		{650D2C89-DAA1-45C4-A660-2BDE693C1FB6}.Linux|Any CPU.Build.0 = Release|Any CPU
		{650D2C89-DAA1-45C4-A660-2BDE693C1FB6}.Linux|ARM.ActiveCfg = Release|Any CPU
		{650D2C89-DAA1-45C4-A660-2BDE693C1FB6}.Linux|Mixed Platforms.ActiveCfg = Release|Any CPU
		{650D2C89-DAA1-45C4-A660-2BDE693C1FB6}.Linux|Mixed Platforms.Build.0 = Release|Any CPU
		{650D2C89-DAA1-45C4-A660-2BDE693C1FB6}.Linux|x64.ActiveCfg = Release|Any CPU
		{650D2C89-DAA1-45C4-A660-2BDE693C1FB6}.Linux|x86.ActiveCfg = Release|Any CPU
		{650D2C89-DAA1-45C4-A660-2BDE693C1FB6}.OSX|Any CPU.ActiveCfg = Release|Any CPU
		{650D2C89-DAA1-45C4-A660-2BDE693C1FB6}.OSX|Any CPU.Build.0 = Release|Any CPU
		{650D2C89-DAA1-45C4-A660-2BDE693C1FB6}.OSX|ARM.ActiveCfg = Release|Any CPU
		{650D2C89-DAA1-45C4-A660-2BDE693C1FB6}.OSX|Mixed Platforms.ActiveCfg = Release|Any CPU
		{650D2C89-DAA1-45C4-A660-2BDE693C1FB6}.OSX|Mixed Platforms.Build.0 = Release|Any CPU
		{650D2C89-DAA1-45C4-A660-2BDE693C1FB6}.OSX|x64.ActiveCfg = Release|Any CPU
		{650D2C89-DAA1-45C4-A660-2BDE693C1FB6}.OSX|x86.ActiveCfg = Release|Any CPU
		{650D2C89-DAA1-45C4-A660-2BDE693C1FB6}.PSM|Any CPU.ActiveCfg = Release|Any CPU
		{650D2C89-DAA1-45C4-A660-2BDE693C1FB6}.PSM|Any CPU.Build.0 = Release|Any CPU
		{650D2C89-DAA1-45C4-A660-2BDE693C1FB6}.PSM|ARM.ActiveCfg = Release|Any CPU
		{650D2C89-DAA1-45C4-A660-2BDE693C1FB6}.PSM|Mixed Platforms.ActiveCfg = Release|Any CPU
		{650D2C89-DAA1-45C4-A660-2BDE693C1FB6}.PSM|Mixed Platforms.Build.0 = Release|Any CPU
		{650D2C89-DAA1-45C4-A660-2BDE693C1FB6}.PSM|x64.ActiveCfg = Release|Any CPU
		{650D2C89-DAA1-45C4-A660-2BDE693C1FB6}.PSM|x86.ActiveCfg = Release|Any CPU
		{650D2C89-DAA1-45C4-A660-2BDE693C1FB6}.Release|Any CPU.ActiveCfg = Release|Any CPU
		{650D2C89-DAA1-45C4-A660-2BDE693C1FB6}.Release|Any CPU.Build.0 = Release|Any CPU
		{650D2C89-DAA1-45C4-A660-2BDE693C1FB6}.Release|ARM.ActiveCfg = Release|Any CPU
		{650D2C89-DAA1-45C4-A660-2BDE693C1FB6}.Release|Mixed Platforms.ActiveCfg = Release|Any CPU
		{650D2C89-DAA1-45C4-A660-2BDE693C1FB6}.Release|Mixed Platforms.Build.0 = Release|Any CPU
		{650D2C89-DAA1-45C4-A660-2BDE693C1FB6}.Release|x64.ActiveCfg = Release|Any CPU
		{650D2C89-DAA1-45C4-A660-2BDE693C1FB6}.Release|x86.ActiveCfg = Release|Any CPU
		{650D2C89-DAA1-45C4-A660-2BDE693C1FB6}.Windows|Any CPU.ActiveCfg = Release|Any CPU
		{650D2C89-DAA1-45C4-A660-2BDE693C1FB6}.Windows|Any CPU.Build.0 = Release|Any CPU
		{650D2C89-DAA1-45C4-A660-2BDE693C1FB6}.Windows|ARM.ActiveCfg = Release|Any CPU
		{650D2C89-DAA1-45C4-A660-2BDE693C1FB6}.Windows|Mixed Platforms.ActiveCfg = Release|Any CPU
		{650D2C89-DAA1-45C4-A660-2BDE693C1FB6}.Windows|Mixed Platforms.Build.0 = Release|Any CPU
		{650D2C89-DAA1-45C4-A660-2BDE693C1FB6}.Windows|x64.ActiveCfg = Release|Any CPU
		{650D2C89-DAA1-45C4-A660-2BDE693C1FB6}.Windows|x86.ActiveCfg = Release|Any CPU
		{650D2C89-DAA1-45C4-A660-2BDE693C1FB6}.Windows8|Any CPU.ActiveCfg = Release|Any CPU
		{650D2C89-DAA1-45C4-A660-2BDE693C1FB6}.Windows8|Any CPU.Build.0 = Release|Any CPU
		{650D2C89-DAA1-45C4-A660-2BDE693C1FB6}.Windows8|ARM.ActiveCfg = Release|Any CPU
		{650D2C89-DAA1-45C4-A660-2BDE693C1FB6}.Windows8|Mixed Platforms.ActiveCfg = Release|Any CPU
		{650D2C89-DAA1-45C4-A660-2BDE693C1FB6}.Windows8|Mixed Platforms.Build.0 = Release|Any CPU
		{650D2C89-DAA1-45C4-A660-2BDE693C1FB6}.Windows8|x64.ActiveCfg = Release|Any CPU
		{650D2C89-DAA1-45C4-A660-2BDE693C1FB6}.Windows8|x86.ActiveCfg = Release|Any CPU
		{38A10C53-A6E9-4F4F-AD24-517C9FEF8A14}.Android|Any CPU.ActiveCfg = Release|Any CPU
		{38A10C53-A6E9-4F4F-AD24-517C9FEF8A14}.Android|Any CPU.Build.0 = Release|Any CPU
		{38A10C53-A6E9-4F4F-AD24-517C9FEF8A14}.Android|Any CPU.Deploy.0 = Release|Any CPU
		{38A10C53-A6E9-4F4F-AD24-517C9FEF8A14}.Android|ARM.ActiveCfg = Release|ARM
		{38A10C53-A6E9-4F4F-AD24-517C9FEF8A14}.Android|ARM.Build.0 = Release|ARM
		{38A10C53-A6E9-4F4F-AD24-517C9FEF8A14}.Android|ARM.Deploy.0 = Release|ARM
		{38A10C53-A6E9-4F4F-AD24-517C9FEF8A14}.Android|Mixed Platforms.ActiveCfg = Release|x86
		{38A10C53-A6E9-4F4F-AD24-517C9FEF8A14}.Android|Mixed Platforms.Build.0 = Release|x86
		{38A10C53-A6E9-4F4F-AD24-517C9FEF8A14}.Android|Mixed Platforms.Deploy.0 = Release|x86
		{38A10C53-A6E9-4F4F-AD24-517C9FEF8A14}.Android|x64.ActiveCfg = Release|x64
		{38A10C53-A6E9-4F4F-AD24-517C9FEF8A14}.Android|x64.Build.0 = Release|x64
		{38A10C53-A6E9-4F4F-AD24-517C9FEF8A14}.Android|x64.Deploy.0 = Release|x64
		{38A10C53-A6E9-4F4F-AD24-517C9FEF8A14}.Android|x86.ActiveCfg = Release|x86
		{38A10C53-A6E9-4F4F-AD24-517C9FEF8A14}.Android|x86.Build.0 = Release|x86
		{38A10C53-A6E9-4F4F-AD24-517C9FEF8A14}.Android|x86.Deploy.0 = Release|x86
		{38A10C53-A6E9-4F4F-AD24-517C9FEF8A14}.Debug|Any CPU.ActiveCfg = Debug|Any CPU
		{38A10C53-A6E9-4F4F-AD24-517C9FEF8A14}.Debug|Any CPU.Build.0 = Debug|Any CPU
		{38A10C53-A6E9-4F4F-AD24-517C9FEF8A14}.Debug|Any CPU.Deploy.0 = Debug|Any CPU
		{38A10C53-A6E9-4F4F-AD24-517C9FEF8A14}.Debug|ARM.ActiveCfg = Debug|ARM
		{38A10C53-A6E9-4F4F-AD24-517C9FEF8A14}.Debug|ARM.Build.0 = Debug|ARM
		{38A10C53-A6E9-4F4F-AD24-517C9FEF8A14}.Debug|ARM.Deploy.0 = Debug|ARM
		{38A10C53-A6E9-4F4F-AD24-517C9FEF8A14}.Debug|Mixed Platforms.ActiveCfg = Debug|x86
		{38A10C53-A6E9-4F4F-AD24-517C9FEF8A14}.Debug|Mixed Platforms.Build.0 = Debug|x86
		{38A10C53-A6E9-4F4F-AD24-517C9FEF8A14}.Debug|Mixed Platforms.Deploy.0 = Debug|x86
		{38A10C53-A6E9-4F4F-AD24-517C9FEF8A14}.Debug|x64.ActiveCfg = Debug|x64
		{38A10C53-A6E9-4F4F-AD24-517C9FEF8A14}.Debug|x64.Build.0 = Debug|x64
		{38A10C53-A6E9-4F4F-AD24-517C9FEF8A14}.Debug|x64.Deploy.0 = Debug|x64
		{38A10C53-A6E9-4F4F-AD24-517C9FEF8A14}.Debug|x86.ActiveCfg = Debug|x86
		{38A10C53-A6E9-4F4F-AD24-517C9FEF8A14}.Debug|x86.Build.0 = Debug|x86
		{38A10C53-A6E9-4F4F-AD24-517C9FEF8A14}.Debug|x86.Deploy.0 = Debug|x86
		{38A10C53-A6E9-4F4F-AD24-517C9FEF8A14}.iOS|Any CPU.ActiveCfg = Release|Any CPU
		{38A10C53-A6E9-4F4F-AD24-517C9FEF8A14}.iOS|Any CPU.Build.0 = Release|Any CPU
		{38A10C53-A6E9-4F4F-AD24-517C9FEF8A14}.iOS|Any CPU.Deploy.0 = Release|Any CPU
		{38A10C53-A6E9-4F4F-AD24-517C9FEF8A14}.iOS|ARM.ActiveCfg = Release|ARM
		{38A10C53-A6E9-4F4F-AD24-517C9FEF8A14}.iOS|ARM.Build.0 = Release|ARM
		{38A10C53-A6E9-4F4F-AD24-517C9FEF8A14}.iOS|ARM.Deploy.0 = Release|ARM
		{38A10C53-A6E9-4F4F-AD24-517C9FEF8A14}.iOS|Mixed Platforms.ActiveCfg = Release|x86
		{38A10C53-A6E9-4F4F-AD24-517C9FEF8A14}.iOS|Mixed Platforms.Build.0 = Release|x86
		{38A10C53-A6E9-4F4F-AD24-517C9FEF8A14}.iOS|Mixed Platforms.Deploy.0 = Release|x86
		{38A10C53-A6E9-4F4F-AD24-517C9FEF8A14}.iOS|x64.ActiveCfg = Release|x64
		{38A10C53-A6E9-4F4F-AD24-517C9FEF8A14}.iOS|x64.Build.0 = Release|x64
		{38A10C53-A6E9-4F4F-AD24-517C9FEF8A14}.iOS|x64.Deploy.0 = Release|x64
		{38A10C53-A6E9-4F4F-AD24-517C9FEF8A14}.iOS|x86.ActiveCfg = Release|x86
		{38A10C53-A6E9-4F4F-AD24-517C9FEF8A14}.iOS|x86.Build.0 = Release|x86
		{38A10C53-A6E9-4F4F-AD24-517C9FEF8A14}.iOS|x86.Deploy.0 = Release|x86
		{38A10C53-A6E9-4F4F-AD24-517C9FEF8A14}.Linux|Any CPU.ActiveCfg = Release|Any CPU
		{38A10C53-A6E9-4F4F-AD24-517C9FEF8A14}.Linux|Any CPU.Build.0 = Release|Any CPU
		{38A10C53-A6E9-4F4F-AD24-517C9FEF8A14}.Linux|Any CPU.Deploy.0 = Release|Any CPU
		{38A10C53-A6E9-4F4F-AD24-517C9FEF8A14}.Linux|ARM.ActiveCfg = Release|ARM
		{38A10C53-A6E9-4F4F-AD24-517C9FEF8A14}.Linux|ARM.Build.0 = Release|ARM
		{38A10C53-A6E9-4F4F-AD24-517C9FEF8A14}.Linux|ARM.Deploy.0 = Release|ARM
		{38A10C53-A6E9-4F4F-AD24-517C9FEF8A14}.Linux|Mixed Platforms.ActiveCfg = Release|x86
		{38A10C53-A6E9-4F4F-AD24-517C9FEF8A14}.Linux|Mixed Platforms.Build.0 = Release|x86
		{38A10C53-A6E9-4F4F-AD24-517C9FEF8A14}.Linux|Mixed Platforms.Deploy.0 = Release|x86
		{38A10C53-A6E9-4F4F-AD24-517C9FEF8A14}.Linux|x64.ActiveCfg = Release|x64
		{38A10C53-A6E9-4F4F-AD24-517C9FEF8A14}.Linux|x64.Build.0 = Release|x64
		{38A10C53-A6E9-4F4F-AD24-517C9FEF8A14}.Linux|x64.Deploy.0 = Release|x64
		{38A10C53-A6E9-4F4F-AD24-517C9FEF8A14}.Linux|x86.ActiveCfg = Release|x86
		{38A10C53-A6E9-4F4F-AD24-517C9FEF8A14}.Linux|x86.Build.0 = Release|x86
		{38A10C53-A6E9-4F4F-AD24-517C9FEF8A14}.Linux|x86.Deploy.0 = Release|x86
		{38A10C53-A6E9-4F4F-AD24-517C9FEF8A14}.OSX|Any CPU.ActiveCfg = Release|Any CPU
		{38A10C53-A6E9-4F4F-AD24-517C9FEF8A14}.OSX|Any CPU.Build.0 = Release|Any CPU
		{38A10C53-A6E9-4F4F-AD24-517C9FEF8A14}.OSX|Any CPU.Deploy.0 = Release|Any CPU
		{38A10C53-A6E9-4F4F-AD24-517C9FEF8A14}.OSX|ARM.ActiveCfg = Release|ARM
		{38A10C53-A6E9-4F4F-AD24-517C9FEF8A14}.OSX|ARM.Build.0 = Release|ARM
		{38A10C53-A6E9-4F4F-AD24-517C9FEF8A14}.OSX|ARM.Deploy.0 = Release|ARM
		{38A10C53-A6E9-4F4F-AD24-517C9FEF8A14}.OSX|Mixed Platforms.ActiveCfg = Release|x86
		{38A10C53-A6E9-4F4F-AD24-517C9FEF8A14}.OSX|Mixed Platforms.Build.0 = Release|x86
		{38A10C53-A6E9-4F4F-AD24-517C9FEF8A14}.OSX|Mixed Platforms.Deploy.0 = Release|x86
		{38A10C53-A6E9-4F4F-AD24-517C9FEF8A14}.OSX|x64.ActiveCfg = Release|x64
		{38A10C53-A6E9-4F4F-AD24-517C9FEF8A14}.OSX|x64.Build.0 = Release|x64
		{38A10C53-A6E9-4F4F-AD24-517C9FEF8A14}.OSX|x64.Deploy.0 = Release|x64
		{38A10C53-A6E9-4F4F-AD24-517C9FEF8A14}.OSX|x86.ActiveCfg = Release|x86
		{38A10C53-A6E9-4F4F-AD24-517C9FEF8A14}.OSX|x86.Build.0 = Release|x86
		{38A10C53-A6E9-4F4F-AD24-517C9FEF8A14}.OSX|x86.Deploy.0 = Release|x86
		{38A10C53-A6E9-4F4F-AD24-517C9FEF8A14}.PSM|Any CPU.ActiveCfg = Release|Any CPU
		{38A10C53-A6E9-4F4F-AD24-517C9FEF8A14}.PSM|Any CPU.Build.0 = Release|Any CPU
		{38A10C53-A6E9-4F4F-AD24-517C9FEF8A14}.PSM|Any CPU.Deploy.0 = Release|Any CPU
		{38A10C53-A6E9-4F4F-AD24-517C9FEF8A14}.PSM|ARM.ActiveCfg = Release|ARM
		{38A10C53-A6E9-4F4F-AD24-517C9FEF8A14}.PSM|ARM.Build.0 = Release|ARM
		{38A10C53-A6E9-4F4F-AD24-517C9FEF8A14}.PSM|ARM.Deploy.0 = Release|ARM
		{38A10C53-A6E9-4F4F-AD24-517C9FEF8A14}.PSM|Mixed Platforms.ActiveCfg = Release|x86
		{38A10C53-A6E9-4F4F-AD24-517C9FEF8A14}.PSM|Mixed Platforms.Build.0 = Release|x86
		{38A10C53-A6E9-4F4F-AD24-517C9FEF8A14}.PSM|Mixed Platforms.Deploy.0 = Release|x86
		{38A10C53-A6E9-4F4F-AD24-517C9FEF8A14}.PSM|x64.ActiveCfg = Release|x64
		{38A10C53-A6E9-4F4F-AD24-517C9FEF8A14}.PSM|x64.Build.0 = Release|x64
		{38A10C53-A6E9-4F4F-AD24-517C9FEF8A14}.PSM|x64.Deploy.0 = Release|x64
		{38A10C53-A6E9-4F4F-AD24-517C9FEF8A14}.PSM|x86.ActiveCfg = Release|x86
		{38A10C53-A6E9-4F4F-AD24-517C9FEF8A14}.PSM|x86.Build.0 = Release|x86
		{38A10C53-A6E9-4F4F-AD24-517C9FEF8A14}.PSM|x86.Deploy.0 = Release|x86
		{38A10C53-A6E9-4F4F-AD24-517C9FEF8A14}.Release|Any CPU.ActiveCfg = Release|Any CPU
		{38A10C53-A6E9-4F4F-AD24-517C9FEF8A14}.Release|Any CPU.Build.0 = Release|Any CPU
		{38A10C53-A6E9-4F4F-AD24-517C9FEF8A14}.Release|Any CPU.Deploy.0 = Release|Any CPU
		{38A10C53-A6E9-4F4F-AD24-517C9FEF8A14}.Release|ARM.ActiveCfg = Release|ARM
		{38A10C53-A6E9-4F4F-AD24-517C9FEF8A14}.Release|ARM.Build.0 = Release|ARM
		{38A10C53-A6E9-4F4F-AD24-517C9FEF8A14}.Release|ARM.Deploy.0 = Release|ARM
		{38A10C53-A6E9-4F4F-AD24-517C9FEF8A14}.Release|Mixed Platforms.ActiveCfg = Release|x86
		{38A10C53-A6E9-4F4F-AD24-517C9FEF8A14}.Release|Mixed Platforms.Build.0 = Release|x86
		{38A10C53-A6E9-4F4F-AD24-517C9FEF8A14}.Release|Mixed Platforms.Deploy.0 = Release|x86
		{38A10C53-A6E9-4F4F-AD24-517C9FEF8A14}.Release|x64.ActiveCfg = Release|x64
		{38A10C53-A6E9-4F4F-AD24-517C9FEF8A14}.Release|x64.Build.0 = Release|x64
		{38A10C53-A6E9-4F4F-AD24-517C9FEF8A14}.Release|x64.Deploy.0 = Release|x64
		{38A10C53-A6E9-4F4F-AD24-517C9FEF8A14}.Release|x86.ActiveCfg = Release|x86
		{38A10C53-A6E9-4F4F-AD24-517C9FEF8A14}.Release|x86.Build.0 = Release|x86
		{38A10C53-A6E9-4F4F-AD24-517C9FEF8A14}.Release|x86.Deploy.0 = Release|x86
		{38A10C53-A6E9-4F4F-AD24-517C9FEF8A14}.Windows|Any CPU.ActiveCfg = Release|Any CPU
		{38A10C53-A6E9-4F4F-AD24-517C9FEF8A14}.Windows|Any CPU.Build.0 = Release|Any CPU
		{38A10C53-A6E9-4F4F-AD24-517C9FEF8A14}.Windows|Any CPU.Deploy.0 = Release|Any CPU
		{38A10C53-A6E9-4F4F-AD24-517C9FEF8A14}.Windows|ARM.ActiveCfg = Release|ARM
		{38A10C53-A6E9-4F4F-AD24-517C9FEF8A14}.Windows|ARM.Build.0 = Release|ARM
		{38A10C53-A6E9-4F4F-AD24-517C9FEF8A14}.Windows|ARM.Deploy.0 = Release|ARM
		{38A10C53-A6E9-4F4F-AD24-517C9FEF8A14}.Windows|Mixed Platforms.ActiveCfg = Release|x86
		{38A10C53-A6E9-4F4F-AD24-517C9FEF8A14}.Windows|Mixed Platforms.Build.0 = Release|x86
		{38A10C53-A6E9-4F4F-AD24-517C9FEF8A14}.Windows|Mixed Platforms.Deploy.0 = Release|x86
		{38A10C53-A6E9-4F4F-AD24-517C9FEF8A14}.Windows|x64.ActiveCfg = Release|x64
		{38A10C53-A6E9-4F4F-AD24-517C9FEF8A14}.Windows|x64.Build.0 = Release|x64
		{38A10C53-A6E9-4F4F-AD24-517C9FEF8A14}.Windows|x64.Deploy.0 = Release|x64
		{38A10C53-A6E9-4F4F-AD24-517C9FEF8A14}.Windows|x86.ActiveCfg = Release|x86
		{38A10C53-A6E9-4F4F-AD24-517C9FEF8A14}.Windows|x86.Build.0 = Release|x86
		{38A10C53-A6E9-4F4F-AD24-517C9FEF8A14}.Windows|x86.Deploy.0 = Release|x86
		{38A10C53-A6E9-4F4F-AD24-517C9FEF8A14}.Windows8|Any CPU.ActiveCfg = Release|Any CPU
		{38A10C53-A6E9-4F4F-AD24-517C9FEF8A14}.Windows8|Any CPU.Build.0 = Release|Any CPU
		{38A10C53-A6E9-4F4F-AD24-517C9FEF8A14}.Windows8|Any CPU.Deploy.0 = Release|Any CPU
		{38A10C53-A6E9-4F4F-AD24-517C9FEF8A14}.Windows8|ARM.ActiveCfg = Release|ARM
		{38A10C53-A6E9-4F4F-AD24-517C9FEF8A14}.Windows8|ARM.Build.0 = Release|ARM
		{38A10C53-A6E9-4F4F-AD24-517C9FEF8A14}.Windows8|ARM.Deploy.0 = Release|ARM
		{38A10C53-A6E9-4F4F-AD24-517C9FEF8A14}.Windows8|Mixed Platforms.ActiveCfg = Release|x86
		{38A10C53-A6E9-4F4F-AD24-517C9FEF8A14}.Windows8|Mixed Platforms.Build.0 = Release|x86
		{38A10C53-A6E9-4F4F-AD24-517C9FEF8A14}.Windows8|Mixed Platforms.Deploy.0 = Release|x86
		{38A10C53-A6E9-4F4F-AD24-517C9FEF8A14}.Windows8|x64.ActiveCfg = Release|x64
		{38A10C53-A6E9-4F4F-AD24-517C9FEF8A14}.Windows8|x64.Build.0 = Release|x64
		{38A10C53-A6E9-4F4F-AD24-517C9FEF8A14}.Windows8|x64.Deploy.0 = Release|x64
		{38A10C53-A6E9-4F4F-AD24-517C9FEF8A14}.Windows8|x86.ActiveCfg = Release|x86
		{38A10C53-A6E9-4F4F-AD24-517C9FEF8A14}.Windows8|x86.Build.0 = Release|x86
		{38A10C53-A6E9-4F4F-AD24-517C9FEF8A14}.Windows8|x86.Deploy.0 = Release|x86
		{95A19950-B203-44F8-996F-D8860B8D8E46}.Android|Any CPU.ActiveCfg = Release|Any CPU
		{95A19950-B203-44F8-996F-D8860B8D8E46}.Android|Any CPU.Build.0 = Release|Any CPU
		{95A19950-B203-44F8-996F-D8860B8D8E46}.Android|Any CPU.Deploy.0 = Release|Any CPU
		{95A19950-B203-44F8-996F-D8860B8D8E46}.Android|ARM.ActiveCfg = Release|ARM
		{95A19950-B203-44F8-996F-D8860B8D8E46}.Android|ARM.Build.0 = Release|ARM
		{95A19950-B203-44F8-996F-D8860B8D8E46}.Android|ARM.Deploy.0 = Release|ARM
		{95A19950-B203-44F8-996F-D8860B8D8E46}.Android|Mixed Platforms.ActiveCfg = Release|x86
		{95A19950-B203-44F8-996F-D8860B8D8E46}.Android|Mixed Platforms.Build.0 = Release|x86
		{95A19950-B203-44F8-996F-D8860B8D8E46}.Android|Mixed Platforms.Deploy.0 = Release|x86
		{95A19950-B203-44F8-996F-D8860B8D8E46}.Android|x64.ActiveCfg = Release|Any CPU
		{95A19950-B203-44F8-996F-D8860B8D8E46}.Android|x86.ActiveCfg = Release|x86
		{95A19950-B203-44F8-996F-D8860B8D8E46}.Android|x86.Build.0 = Release|x86
		{95A19950-B203-44F8-996F-D8860B8D8E46}.Android|x86.Deploy.0 = Release|x86
		{95A19950-B203-44F8-996F-D8860B8D8E46}.Debug|Any CPU.ActiveCfg = Debug|Any CPU
		{95A19950-B203-44F8-996F-D8860B8D8E46}.Debug|Any CPU.Build.0 = Debug|Any CPU
		{95A19950-B203-44F8-996F-D8860B8D8E46}.Debug|Any CPU.Deploy.0 = Debug|Any CPU
		{95A19950-B203-44F8-996F-D8860B8D8E46}.Debug|ARM.ActiveCfg = Debug|ARM
		{95A19950-B203-44F8-996F-D8860B8D8E46}.Debug|ARM.Build.0 = Debug|ARM
		{95A19950-B203-44F8-996F-D8860B8D8E46}.Debug|ARM.Deploy.0 = Debug|ARM
		{95A19950-B203-44F8-996F-D8860B8D8E46}.Debug|Mixed Platforms.ActiveCfg = Debug|x86
		{95A19950-B203-44F8-996F-D8860B8D8E46}.Debug|Mixed Platforms.Build.0 = Debug|x86
		{95A19950-B203-44F8-996F-D8860B8D8E46}.Debug|Mixed Platforms.Deploy.0 = Debug|x86
		{95A19950-B203-44F8-996F-D8860B8D8E46}.Debug|x64.ActiveCfg = Debug|Any CPU
		{95A19950-B203-44F8-996F-D8860B8D8E46}.Debug|x86.ActiveCfg = Debug|x86
		{95A19950-B203-44F8-996F-D8860B8D8E46}.Debug|x86.Build.0 = Debug|x86
		{95A19950-B203-44F8-996F-D8860B8D8E46}.Debug|x86.Deploy.0 = Debug|x86
		{95A19950-B203-44F8-996F-D8860B8D8E46}.iOS|Any CPU.ActiveCfg = Release|Any CPU
		{95A19950-B203-44F8-996F-D8860B8D8E46}.iOS|Any CPU.Build.0 = Release|Any CPU
		{95A19950-B203-44F8-996F-D8860B8D8E46}.iOS|Any CPU.Deploy.0 = Release|Any CPU
		{95A19950-B203-44F8-996F-D8860B8D8E46}.iOS|ARM.ActiveCfg = Release|ARM
		{95A19950-B203-44F8-996F-D8860B8D8E46}.iOS|ARM.Build.0 = Release|ARM
		{95A19950-B203-44F8-996F-D8860B8D8E46}.iOS|ARM.Deploy.0 = Release|ARM
		{95A19950-B203-44F8-996F-D8860B8D8E46}.iOS|Mixed Platforms.ActiveCfg = Release|x86
		{95A19950-B203-44F8-996F-D8860B8D8E46}.iOS|Mixed Platforms.Build.0 = Release|x86
		{95A19950-B203-44F8-996F-D8860B8D8E46}.iOS|Mixed Platforms.Deploy.0 = Release|x86
		{95A19950-B203-44F8-996F-D8860B8D8E46}.iOS|x64.ActiveCfg = Release|Any CPU
		{95A19950-B203-44F8-996F-D8860B8D8E46}.iOS|x86.ActiveCfg = Release|x86
		{95A19950-B203-44F8-996F-D8860B8D8E46}.iOS|x86.Build.0 = Release|x86
		{95A19950-B203-44F8-996F-D8860B8D8E46}.iOS|x86.Deploy.0 = Release|x86
		{95A19950-B203-44F8-996F-D8860B8D8E46}.Linux|Any CPU.ActiveCfg = Release|Any CPU
		{95A19950-B203-44F8-996F-D8860B8D8E46}.Linux|Any CPU.Build.0 = Release|Any CPU
		{95A19950-B203-44F8-996F-D8860B8D8E46}.Linux|Any CPU.Deploy.0 = Release|Any CPU
		{95A19950-B203-44F8-996F-D8860B8D8E46}.Linux|ARM.ActiveCfg = Release|ARM
		{95A19950-B203-44F8-996F-D8860B8D8E46}.Linux|ARM.Build.0 = Release|ARM
		{95A19950-B203-44F8-996F-D8860B8D8E46}.Linux|ARM.Deploy.0 = Release|ARM
		{95A19950-B203-44F8-996F-D8860B8D8E46}.Linux|Mixed Platforms.ActiveCfg = Release|x86
		{95A19950-B203-44F8-996F-D8860B8D8E46}.Linux|Mixed Platforms.Build.0 = Release|x86
		{95A19950-B203-44F8-996F-D8860B8D8E46}.Linux|Mixed Platforms.Deploy.0 = Release|x86
		{95A19950-B203-44F8-996F-D8860B8D8E46}.Linux|x64.ActiveCfg = Release|Any CPU
		{95A19950-B203-44F8-996F-D8860B8D8E46}.Linux|x86.ActiveCfg = Release|x86
		{95A19950-B203-44F8-996F-D8860B8D8E46}.Linux|x86.Build.0 = Release|x86
		{95A19950-B203-44F8-996F-D8860B8D8E46}.Linux|x86.Deploy.0 = Release|x86
		{95A19950-B203-44F8-996F-D8860B8D8E46}.OSX|Any CPU.ActiveCfg = Release|Any CPU
		{95A19950-B203-44F8-996F-D8860B8D8E46}.OSX|Any CPU.Build.0 = Release|Any CPU
		{95A19950-B203-44F8-996F-D8860B8D8E46}.OSX|Any CPU.Deploy.0 = Release|Any CPU
		{95A19950-B203-44F8-996F-D8860B8D8E46}.OSX|ARM.ActiveCfg = Release|ARM
		{95A19950-B203-44F8-996F-D8860B8D8E46}.OSX|ARM.Build.0 = Release|ARM
		{95A19950-B203-44F8-996F-D8860B8D8E46}.OSX|ARM.Deploy.0 = Release|ARM
		{95A19950-B203-44F8-996F-D8860B8D8E46}.OSX|Mixed Platforms.ActiveCfg = Release|x86
		{95A19950-B203-44F8-996F-D8860B8D8E46}.OSX|Mixed Platforms.Build.0 = Release|x86
		{95A19950-B203-44F8-996F-D8860B8D8E46}.OSX|Mixed Platforms.Deploy.0 = Release|x86
		{95A19950-B203-44F8-996F-D8860B8D8E46}.OSX|x64.ActiveCfg = Release|Any CPU
		{95A19950-B203-44F8-996F-D8860B8D8E46}.OSX|x86.ActiveCfg = Release|x86
		{95A19950-B203-44F8-996F-D8860B8D8E46}.OSX|x86.Build.0 = Release|x86
		{95A19950-B203-44F8-996F-D8860B8D8E46}.OSX|x86.Deploy.0 = Release|x86
		{95A19950-B203-44F8-996F-D8860B8D8E46}.PSM|Any CPU.ActiveCfg = Release|Any CPU
		{95A19950-B203-44F8-996F-D8860B8D8E46}.PSM|Any CPU.Build.0 = Release|Any CPU
		{95A19950-B203-44F8-996F-D8860B8D8E46}.PSM|Any CPU.Deploy.0 = Release|Any CPU
		{95A19950-B203-44F8-996F-D8860B8D8E46}.PSM|ARM.ActiveCfg = Release|ARM
		{95A19950-B203-44F8-996F-D8860B8D8E46}.PSM|ARM.Build.0 = Release|ARM
		{95A19950-B203-44F8-996F-D8860B8D8E46}.PSM|ARM.Deploy.0 = Release|ARM
		{95A19950-B203-44F8-996F-D8860B8D8E46}.PSM|Mixed Platforms.ActiveCfg = Release|x86
		{95A19950-B203-44F8-996F-D8860B8D8E46}.PSM|Mixed Platforms.Build.0 = Release|x86
		{95A19950-B203-44F8-996F-D8860B8D8E46}.PSM|Mixed Platforms.Deploy.0 = Release|x86
		{95A19950-B203-44F8-996F-D8860B8D8E46}.PSM|x64.ActiveCfg = Release|Any CPU
		{95A19950-B203-44F8-996F-D8860B8D8E46}.PSM|x86.ActiveCfg = Release|x86
		{95A19950-B203-44F8-996F-D8860B8D8E46}.PSM|x86.Build.0 = Release|x86
		{95A19950-B203-44F8-996F-D8860B8D8E46}.PSM|x86.Deploy.0 = Release|x86
		{95A19950-B203-44F8-996F-D8860B8D8E46}.Release|Any CPU.ActiveCfg = Release|Any CPU
		{95A19950-B203-44F8-996F-D8860B8D8E46}.Release|Any CPU.Build.0 = Release|Any CPU
		{95A19950-B203-44F8-996F-D8860B8D8E46}.Release|Any CPU.Deploy.0 = Release|Any CPU
		{95A19950-B203-44F8-996F-D8860B8D8E46}.Release|ARM.ActiveCfg = Release|ARM
		{95A19950-B203-44F8-996F-D8860B8D8E46}.Release|ARM.Build.0 = Release|ARM
		{95A19950-B203-44F8-996F-D8860B8D8E46}.Release|ARM.Deploy.0 = Release|ARM
		{95A19950-B203-44F8-996F-D8860B8D8E46}.Release|Mixed Platforms.ActiveCfg = Release|x86
		{95A19950-B203-44F8-996F-D8860B8D8E46}.Release|Mixed Platforms.Build.0 = Release|x86
		{95A19950-B203-44F8-996F-D8860B8D8E46}.Release|Mixed Platforms.Deploy.0 = Release|x86
		{95A19950-B203-44F8-996F-D8860B8D8E46}.Release|x64.ActiveCfg = Release|Any CPU
		{95A19950-B203-44F8-996F-D8860B8D8E46}.Release|x86.ActiveCfg = Release|x86
		{95A19950-B203-44F8-996F-D8860B8D8E46}.Release|x86.Build.0 = Release|x86
		{95A19950-B203-44F8-996F-D8860B8D8E46}.Release|x86.Deploy.0 = Release|x86
		{95A19950-B203-44F8-996F-D8860B8D8E46}.Windows|Any CPU.ActiveCfg = Release|Any CPU
		{95A19950-B203-44F8-996F-D8860B8D8E46}.Windows|Any CPU.Build.0 = Release|Any CPU
		{95A19950-B203-44F8-996F-D8860B8D8E46}.Windows|Any CPU.Deploy.0 = Release|Any CPU
		{95A19950-B203-44F8-996F-D8860B8D8E46}.Windows|ARM.ActiveCfg = Release|ARM
		{95A19950-B203-44F8-996F-D8860B8D8E46}.Windows|ARM.Build.0 = Release|ARM
		{95A19950-B203-44F8-996F-D8860B8D8E46}.Windows|ARM.Deploy.0 = Release|ARM
		{95A19950-B203-44F8-996F-D8860B8D8E46}.Windows|Mixed Platforms.ActiveCfg = Release|x86
		{95A19950-B203-44F8-996F-D8860B8D8E46}.Windows|Mixed Platforms.Build.0 = Release|x86
		{95A19950-B203-44F8-996F-D8860B8D8E46}.Windows|Mixed Platforms.Deploy.0 = Release|x86
		{95A19950-B203-44F8-996F-D8860B8D8E46}.Windows|x64.ActiveCfg = Release|Any CPU
		{95A19950-B203-44F8-996F-D8860B8D8E46}.Windows|x86.ActiveCfg = Release|x86
		{95A19950-B203-44F8-996F-D8860B8D8E46}.Windows|x86.Build.0 = Release|x86
		{95A19950-B203-44F8-996F-D8860B8D8E46}.Windows|x86.Deploy.0 = Release|x86
		{95A19950-B203-44F8-996F-D8860B8D8E46}.Windows8|Any CPU.ActiveCfg = Release|Any CPU
		{95A19950-B203-44F8-996F-D8860B8D8E46}.Windows8|Any CPU.Build.0 = Release|Any CPU
		{95A19950-B203-44F8-996F-D8860B8D8E46}.Windows8|Any CPU.Deploy.0 = Release|Any CPU
		{95A19950-B203-44F8-996F-D8860B8D8E46}.Windows8|ARM.ActiveCfg = Release|ARM
		{95A19950-B203-44F8-996F-D8860B8D8E46}.Windows8|ARM.Build.0 = Release|ARM
		{95A19950-B203-44F8-996F-D8860B8D8E46}.Windows8|ARM.Deploy.0 = Release|ARM
		{95A19950-B203-44F8-996F-D8860B8D8E46}.Windows8|Mixed Platforms.ActiveCfg = Release|x86
		{95A19950-B203-44F8-996F-D8860B8D8E46}.Windows8|Mixed Platforms.Build.0 = Release|x86
		{95A19950-B203-44F8-996F-D8860B8D8E46}.Windows8|Mixed Platforms.Deploy.0 = Release|x86
		{95A19950-B203-44F8-996F-D8860B8D8E46}.Windows8|x64.ActiveCfg = Release|Any CPU
		{95A19950-B203-44F8-996F-D8860B8D8E46}.Windows8|x86.ActiveCfg = Release|x86
		{95A19950-B203-44F8-996F-D8860B8D8E46}.Windows8|x86.Build.0 = Release|x86
		{95A19950-B203-44F8-996F-D8860B8D8E46}.Windows8|x86.Deploy.0 = Release|x86
	EndGlobalSection
	GlobalSection(SolutionProperties) = preSolution
		HideSolutionNode = FALSE
	EndGlobalSection
	GlobalSection(NestedProjects) = preSolution
		{035EFE4A-037F-4A44-99CF-57B6C483A97A} = {7BA298B6-E22B-493A-AAA6-4031584474DA}
		{38A10C53-A6E9-4F4F-AD24-517C9FEF8A14} = {7BA298B6-E22B-493A-AAA6-4031584474DA}
		{95A19950-B203-44F8-996F-D8860B8D8E46} = {7BA298B6-E22B-493A-AAA6-4031584474DA}
	EndGlobalSection
EndGlobal
