
Microsoft Visual Studio Solution File, Format Version 12.00
# Visual Studio 2012
Project("{FAE04EC0-301F-11D3-BF4B-00C04F79EFBC}") = "BasicUI_MonoGame_OSX", "BasicUI_MonoGame_OSX\BasicUI_MonoGame_OSX.csproj", "{A82EAD58-40D7-49BE-8F24-09FEA34F9E55}"
EndProject
Project("{FAE04EC0-301F-11D3-BF4B-00C04F79EFBC}") = "GameUILibrary_OSX", "GameUILibrary\GameUILibrary_OSX.csproj", "{556DEE67-1170-4F93-88DE-2175C97FCF3C}"
EndProject
Project("{FAE04EC0-301F-11D3-BF4B-00C04F79EFBC}") = "GameData", "GameData\GameData.csproj", "{650D2C89-DAA1-45C4-A660-2BDE693C1FB6}"
EndProject
Global
	GlobalSection(SolutionConfigurationPlatforms) = preSolution
		Debug|Any CPU = Debug|Any CPU
		Release|Any CPU = Release|Any CPU
	EndGlobalSection
	GlobalSection(ProjectConfigurationPlatforms) = postSolution
		{556DEE67-1170-4F93-88DE-2175C97FCF3C}.Debug|Any CPU.ActiveCfg = Debug|Any CPU
		{556DEE67-1170-4F93-88DE-2175C97FCF3C}.Debug|Any CPU.Build.0 = Debug|Any CPU
		{556DEE67-1170-4F93-88DE-2175C97FCF3C}.Release|Any CPU.ActiveCfg = Release|Any CPU
		{556DEE67-1170-4F93-88DE-2175C97FCF3C}.Release|Any CPU.Build.0 = Release|Any CPU
		{650D2C89-DAA1-45C4-A660-2BDE693C1FB6}.Debug|Any CPU.ActiveCfg = Debug|Any CPU
		{650D2C89-DAA1-45C4-A660-2BDE693C1FB6}.Debug|Any CPU.Build.0 = Debug|Any CPU
		{650D2C89-DAA1-45C4-A660-2BDE693C1FB6}.Release|Any CPU.ActiveCfg = Release|Any CPU
		{650D2C89-DAA1-45C4-A660-2BDE693C1FB6}.Release|Any CPU.Build.0 = Release|Any CPU
		{A82EAD58-40D7-49BE-8F24-09FEA34F9E55}.Debug|Any CPU.ActiveCfg = Debug|Any CPU
		{A82EAD58-40D7-49BE-8F24-09FEA34F9E55}.Debug|Any CPU.Build.0 = Debug|Any CPU
		{A82EAD58-40D7-49BE-8F24-09FEA34F9E55}.Release|Any CPU.ActiveCfg = Release|Any CPU
		{A82EAD58-40D7-49BE-8F24-09FEA34F9E55}.Release|Any CPU.Build.0 = Release|Any CPU
		{DEC435F4-9E84-490B-9890-72E5F514B8D0}.Debug|Any CPU.ActiveCfg = Debug|Any CPU
		{DEC435F4-9E84-490B-9890-72E5F514B8D0}.Debug|Any CPU.Build.0 = Debug|Any CPU
		{DEC435F4-9E84-490B-9890-72E5F514B8D0}.Release|Any CPU.ActiveCfg = Release|Any CPU
		{DEC435F4-9E84-490B-9890-72E5F514B8D0}.Release|Any CPU.Build.0 = Release|Any CPU
	EndGlobalSection
	GlobalSection(SolutionProperties) = preSolution
		HideSolutionNode = FALSE
	EndGlobalSection
EndGlobal
