
Microsoft Visual Studio Solution File, Format Version 12.00
# Visual Studio 14
VisualStudioVersion = 14.0.24720.0
MinimumVisualStudioVersion = 10.0.40219.1
Project("{FAE04EC0-301F-11D3-BF4B-00C04F79EFBC}") = "GameUILibrary_iOS", "GameUILibrary\GameUILibrary_iOS.csproj", "{556DEE67-1170-4F93-88DE-2175C97FCF3C}"
EndProject
Project("{FAE04EC0-301F-11D3-BF4B-00C04F79EFBC}") = "GameData", "GameData\GameData.csproj", "{650D2C89-DAA1-45C4-A660-2BDE693C1FB6}"
EndProject
Project("{FAE04EC0-301F-11D3-BF4B-00C04F79EFBC}") = "BasicUI_MonoGame_iOS_New", "BasicUI_MonoGame_iOS_New\BasicUI_MonoGame_iOS_New.csproj", "{7CF07FED-3CE2-484F-9B87-9714E6437FDA}"
EndProject
Global
	GlobalSection(SolutionConfigurationPlatforms) = preSolution
		Ad-Hoc|Any CPU = Ad-Hoc|Any CPU
		Ad-Hoc|iPhone = Ad-Hoc|iPhone
		Ad-Hoc|iPhoneSimulator = Ad-Hoc|iPhoneSimulator
		Ad-Hoc|Mixed Platforms = Ad-Hoc|Mixed Platforms
		AppStore|Any CPU = AppStore|Any CPU
		AppStore|iPhone = AppStore|iPhone
		AppStore|iPhoneSimulator = AppStore|iPhoneSimulator
		AppStore|Mixed Platforms = AppStore|Mixed Platforms
		Debug|Any CPU = Debug|Any CPU
		Debug|iPhone = Debug|iPhone
		Debug|iPhoneSimulator = Debug|iPhoneSimulator
		Debug|Mixed Platforms = Debug|Mixed Platforms
		Release|Any CPU = Release|Any CPU
		Release|iPhone = Release|iPhone
		Release|iPhoneSimulator = Release|iPhoneSimulator
		Release|Mixed Platforms = Release|Mixed Platforms
	EndGlobalSection
	GlobalSection(ProjectConfigurationPlatforms) = postSolution
		{556DEE67-1170-4F93-88DE-2175C97FCF3C}.Ad-Hoc|Any CPU.ActiveCfg = Release|Any CPU
		{556DEE67-1170-4F93-88DE-2175C97FCF3C}.Ad-Hoc|Any CPU.Build.0 = Release|Any CPU
		{556DEE67-1170-4F93-88DE-2175C97FCF3C}.Ad-Hoc|iPhone.ActiveCfg = Release|Any CPU
		{556DEE67-1170-4F93-88DE-2175C97FCF3C}.Ad-Hoc|iPhone.Build.0 = Release|Any CPU
		{556DEE67-1170-4F93-88DE-2175C97FCF3C}.Ad-Hoc|iPhoneSimulator.ActiveCfg = Release|Any CPU
		{556DEE67-1170-4F93-88DE-2175C97FCF3C}.Ad-Hoc|iPhoneSimulator.Build.0 = Release|Any CPU
		{556DEE67-1170-4F93-88DE-2175C97FCF3C}.Ad-Hoc|Mixed Platforms.ActiveCfg = Release|Any CPU
		{556DEE67-1170-4F93-88DE-2175C97FCF3C}.Ad-Hoc|Mixed Platforms.Build.0 = Release|Any CPU
		{556DEE67-1170-4F93-88DE-2175C97FCF3C}.AppStore|Any CPU.ActiveCfg = Release|Any CPU
		{556DEE67-1170-4F93-88DE-2175C97FCF3C}.AppStore|Any CPU.Build.0 = Release|Any CPU
		{556DEE67-1170-4F93-88DE-2175C97FCF3C}.AppStore|iPhone.ActiveCfg = Release|Any CPU
		{556DEE67-1170-4F93-88DE-2175C97FCF3C}.AppStore|iPhone.Build.0 = Release|Any CPU
		{556DEE67-1170-4F93-88DE-2175C97FCF3C}.AppStore|iPhoneSimulator.ActiveCfg = Release|Any CPU
		{556DEE67-1170-4F93-88DE-2175C97FCF3C}.AppStore|iPhoneSimulator.Build.0 = Release|Any CPU
		{556DEE67-1170-4F93-88DE-2175C97FCF3C}.AppStore|Mixed Platforms.ActiveCfg = Release|Any CPU
		{556DEE67-1170-4F93-88DE-2175C97FCF3C}.AppStore|Mixed Platforms.Build.0 = Release|Any CPU
		{556DEE67-1170-4F93-88DE-2175C97FCF3C}.Debug|Any CPU.ActiveCfg = Debug|Any CPU
		{556DEE67-1170-4F93-88DE-2175C97FCF3C}.Debug|Any CPU.Build.0 = Debug|Any CPU
		{556DEE67-1170-4F93-88DE-2175C97FCF3C}.Debug|iPhone.ActiveCfg = Debug|Any CPU
		{556DEE67-1170-4F93-88DE-2175C97FCF3C}.Debug|iPhone.Build.0 = Debug|Any CPU
		{556DEE67-1170-4F93-88DE-2175C97FCF3C}.Debug|iPhoneSimulator.ActiveCfg = Debug|Any CPU
		{556DEE67-1170-4F93-88DE-2175C97FCF3C}.Debug|iPhoneSimulator.Build.0 = Debug|Any CPU
		{556DEE67-1170-4F93-88DE-2175C97FCF3C}.Debug|Mixed Platforms.ActiveCfg = Debug|Any CPU
		{556DEE67-1170-4F93-88DE-2175C97FCF3C}.Debug|Mixed Platforms.Build.0 = Debug|Any CPU
		{556DEE67-1170-4F93-88DE-2175C97FCF3C}.Release|Any CPU.ActiveCfg = Release|Any CPU
		{556DEE67-1170-4F93-88DE-2175C97FCF3C}.Release|Any CPU.Build.0 = Release|Any CPU
		{556DEE67-1170-4F93-88DE-2175C97FCF3C}.Release|iPhone.ActiveCfg = Release|Any CPU
		{556DEE67-1170-4F93-88DE-2175C97FCF3C}.Release|iPhone.Build.0 = Release|Any CPU
		{556DEE67-1170-4F93-88DE-2175C97FCF3C}.Release|iPhoneSimulator.ActiveCfg = Release|Any CPU
		{556DEE67-1170-4F93-88DE-2175C97FCF3C}.Release|iPhoneSimulator.Build.0 = Release|Any CPU
		{556DEE67-1170-4F93-88DE-2175C97FCF3C}.Release|Mixed Platforms.ActiveCfg = Release|Any CPU
		{556DEE67-1170-4F93-88DE-2175C97FCF3C}.Release|Mixed Platforms.Build.0 = Release|Any CPU
		{650D2C89-DAA1-45C4-A660-2BDE693C1FB6}.Ad-Hoc|Any CPU.ActiveCfg = Release|Any CPU
		{650D2C89-DAA1-45C4-A660-2BDE693C1FB6}.Ad-Hoc|Any CPU.Build.0 = Release|Any CPU
		{650D2C89-DAA1-45C4-A660-2BDE693C1FB6}.Ad-Hoc|iPhone.ActiveCfg = Release|Any CPU
		{650D2C89-DAA1-45C4-A660-2BDE693C1FB6}.Ad-Hoc|iPhone.Build.0 = Release|Any CPU
		{650D2C89-DAA1-45C4-A660-2BDE693C1FB6}.Ad-Hoc|iPhoneSimulator.ActiveCfg = Release|Any CPU
		{650D2C89-DAA1-45C4-A660-2BDE693C1FB6}.Ad-Hoc|iPhoneSimulator.Build.0 = Release|Any CPU
		{650D2C89-DAA1-45C4-A660-2BDE693C1FB6}.Ad-Hoc|Mixed Platforms.ActiveCfg = Release|Any CPU
		{650D2C89-DAA1-45C4-A660-2BDE693C1FB6}.Ad-Hoc|Mixed Platforms.Build.0 = Release|Any CPU
		{650D2C89-DAA1-45C4-A660-2BDE693C1FB6}.AppStore|Any CPU.ActiveCfg = Release|Any CPU
		{650D2C89-DAA1-45C4-A660-2BDE693C1FB6}.AppStore|Any CPU.Build.0 = Release|Any CPU
		{650D2C89-DAA1-45C4-A660-2BDE693C1FB6}.AppStore|iPhone.ActiveCfg = Release|Any CPU
		{650D2C89-DAA1-45C4-A660-2BDE693C1FB6}.AppStore|iPhone.Build.0 = Release|Any CPU
		{650D2C89-DAA1-45C4-A660-2BDE693C1FB6}.AppStore|iPhoneSimulator.ActiveCfg = Release|Any CPU
		{650D2C89-DAA1-45C4-A660-2BDE693C1FB6}.AppStore|iPhoneSimulator.Build.0 = Release|Any CPU
		{650D2C89-DAA1-45C4-A660-2BDE693C1FB6}.AppStore|Mixed Platforms.ActiveCfg = Release|Any CPU
		{650D2C89-DAA1-45C4-A660-2BDE693C1FB6}.AppStore|Mixed Platforms.Build.0 = Release|Any CPU
		{650D2C89-DAA1-45C4-A660-2BDE693C1FB6}.Debug|Any CPU.ActiveCfg = Debug|Any CPU
		{650D2C89-DAA1-45C4-A660-2BDE693C1FB6}.Debug|Any CPU.Build.0 = Debug|Any CPU
		{650D2C89-DAA1-45C4-A660-2BDE693C1FB6}.Debug|iPhone.ActiveCfg = Debug|Any CPU
		{650D2C89-DAA1-45C4-A660-2BDE693C1FB6}.Debug|iPhone.Build.0 = Debug|Any CPU
		{650D2C89-DAA1-45C4-A660-2BDE693C1FB6}.Debug|iPhoneSimulator.ActiveCfg = Debug|Any CPU
		{650D2C89-DAA1-45C4-A660-2BDE693C1FB6}.Debug|iPhoneSimulator.Build.0 = Debug|Any CPU
		{650D2C89-DAA1-45C4-A660-2BDE693C1FB6}.Debug|Mixed Platforms.ActiveCfg = Debug|Any CPU
		{650D2C89-DAA1-45C4-A660-2BDE693C1FB6}.Debug|Mixed Platforms.Build.0 = Debug|Any CPU
		{650D2C89-DAA1-45C4-A660-2BDE693C1FB6}.Release|Any CPU.ActiveCfg = Release|Any CPU
		{650D2C89-DAA1-45C4-A660-2BDE693C1FB6}.Release|Any CPU.Build.0 = Release|Any CPU
		{650D2C89-DAA1-45C4-A660-2BDE693C1FB6}.Release|iPhone.ActiveCfg = Release|Any CPU
		{650D2C89-DAA1-45C4-A660-2BDE693C1FB6}.Release|iPhone.Build.0 = Release|Any CPU
		{650D2C89-DAA1-45C4-A660-2BDE693C1FB6}.Release|iPhoneSimulator.ActiveCfg = Release|Any CPU
		{650D2C89-DAA1-45C4-A660-2BDE693C1FB6}.Release|iPhoneSimulator.Build.0 = Release|Any CPU
		{650D2C89-DAA1-45C4-A660-2BDE693C1FB6}.Release|Mixed Platforms.ActiveCfg = Release|Any CPU
		{650D2C89-DAA1-45C4-A660-2BDE693C1FB6}.Release|Mixed Platforms.Build.0 = Release|Any CPU
		{7CF07FED-3CE2-484F-9B87-9714E6437FDA}.Ad-Hoc|Any CPU.ActiveCfg = Ad-Hoc|iPhone
		{7CF07FED-3CE2-484F-9B87-9714E6437FDA}.Ad-Hoc|iPhone.ActiveCfg = Ad-Hoc|iPhone
		{7CF07FED-3CE2-484F-9B87-9714E6437FDA}.Ad-Hoc|iPhone.Build.0 = Ad-Hoc|iPhone
		{7CF07FED-3CE2-484F-9B87-9714E6437FDA}.Ad-Hoc|iPhoneSimulator.ActiveCfg = Ad-Hoc|iPhoneSimulator
		{7CF07FED-3CE2-484F-9B87-9714E6437FDA}.Ad-Hoc|iPhoneSimulator.Build.0 = Ad-Hoc|iPhoneSimulator
		{7CF07FED-3CE2-484F-9B87-9714E6437FDA}.Ad-Hoc|Mixed Platforms.ActiveCfg = Ad-Hoc|iPhone
		{7CF07FED-3CE2-484F-9B87-9714E6437FDA}.Ad-Hoc|Mixed Platforms.Build.0 = Ad-Hoc|iPhone
		{7CF07FED-3CE2-484F-9B87-9714E6437FDA}.AppStore|Any CPU.ActiveCfg = AppStore|iPhone
		{7CF07FED-3CE2-484F-9B87-9714E6437FDA}.AppStore|iPhone.ActiveCfg = AppStore|iPhone
		{7CF07FED-3CE2-484F-9B87-9714E6437FDA}.AppStore|iPhone.Build.0 = AppStore|iPhone
		{7CF07FED-3CE2-484F-9B87-9714E6437FDA}.AppStore|iPhoneSimulator.ActiveCfg = AppStore|iPhoneSimulator
		{7CF07FED-3CE2-484F-9B87-9714E6437FDA}.AppStore|iPhoneSimulator.Build.0 = AppStore|iPhoneSimulator
		{7CF07FED-3CE2-484F-9B87-9714E6437FDA}.AppStore|Mixed Platforms.ActiveCfg = AppStore|iPhone
		{7CF07FED-3CE2-484F-9B87-9714E6437FDA}.AppStore|Mixed Platforms.Build.0 = AppStore|iPhone
		{7CF07FED-3CE2-484F-9B87-9714E6437FDA}.Debug|Any CPU.ActiveCfg = Debug|iPhone
		{7CF07FED-3CE2-484F-9B87-9714E6437FDA}.Debug|iPhone.ActiveCfg = Debug|iPhone
		{7CF07FED-3CE2-484F-9B87-9714E6437FDA}.Debug|iPhone.Build.0 = Debug|iPhone
		{7CF07FED-3CE2-484F-9B87-9714E6437FDA}.Debug|iPhoneSimulator.ActiveCfg = Debug|iPhoneSimulator
		{7CF07FED-3CE2-484F-9B87-9714E6437FDA}.Debug|iPhoneSimulator.Build.0 = Debug|iPhoneSimulator
		{7CF07FED-3CE2-484F-9B87-9714E6437FDA}.Debug|Mixed Platforms.ActiveCfg = Debug|iPhone
		{7CF07FED-3CE2-484F-9B87-9714E6437FDA}.Debug|Mixed Platforms.Build.0 = Debug|iPhone
		{7CF07FED-3CE2-484F-9B87-9714E6437FDA}.Release|Any CPU.ActiveCfg = Release|iPhone
		{7CF07FED-3CE2-484F-9B87-9714E6437FDA}.Release|iPhone.ActiveCfg = Release|iPhone
		{7CF07FED-3CE2-484F-9B87-9714E6437FDA}.Release|iPhone.Build.0 = Release|iPhone
		{7CF07FED-3CE2-484F-9B87-9714E6437FDA}.Release|iPhoneSimulator.ActiveCfg = Release|iPhoneSimulator
		{7CF07FED-3CE2-484F-9B87-9714E6437FDA}.Release|iPhoneSimulator.Build.0 = Release|iPhoneSimulator
		{7CF07FED-3CE2-484F-9B87-9714E6437FDA}.Release|Mixed Platforms.ActiveCfg = Release|iPhone
		{7CF07FED-3CE2-484F-9B87-9714E6437FDA}.Release|Mixed Platforms.Build.0 = Release|iPhone
	EndGlobalSection
	GlobalSection(SolutionProperties) = preSolution
		HideSolutionNode = FALSE
	EndGlobalSection
EndGlobal
