
Microsoft Visual Studio Solution File, Format Version 12.00
# Visual Studio Version 17
VisualStudioVersion = 17.12.35527.113 d17.12
MinimumVisualStudioVersion = 10.0.40219.1
Project("{FAE04EC0-301F-11D3-BF4B-00C04F79EFBC}") = "UserInterface", "..\UserInterface\UserInterface.csproj", "{6FCEA628-A434-4896-918E-ADD614237755}"
EndProject
Project("{9A19103F-16F7-4668-BE54-9A1E7A4F7556}") = "GameLibrary", "..\GameLibrary\GameLibrary.csproj", "{9F89B7C6-A259-4AD6-BFA7-496FE60743DB}"
EndProject
Project("{FAE04EC0-301F-11D3-BF4B-00C04F79EFBC}") = "Empty_Example", "Empty_Example.csproj", "{811A20F3-49AA-4AD7-AF96-9DABDC65EFC6}"
EndProject
Global
	GlobalSection(SolutionConfigurationPlatforms) = preSolution
		Debug|Any CPU = Debug|Any CPU
		Release|Any CPU = Release|Any CPU
	EndGlobalSection
	GlobalSection(ProjectConfigurationPlatforms) = postSolution
		{6FCEA628-A434-4896-918E-ADD614237755}.Debug|Any CPU.ActiveCfg = Debug|Any CPU
		{6FCEA628-A434-4896-918E-ADD614237755}.Debug|Any CPU.Build.0 = Debug|Any CPU
		{6FCEA628-A434-4896-918E-ADD614237755}.Release|Any CPU.ActiveCfg = Release|Any CPU
		{6FCEA628-A434-4896-918E-ADD614237755}.Release|Any CPU.Build.0 = Release|Any CPU
		{9F89B7C6-A259-4AD6-BFA7-496FE60743DB}.Debug|Any CPU.ActiveCfg = Debug|Any CPU
		{9F89B7C6-A259-4AD6-BFA7-496FE60743DB}.Debug|Any CPU.Build.0 = Debug|Any CPU
		{9F89B7C6-A259-4AD6-BFA7-496FE60743DB}.Release|Any CPU.ActiveCfg = Release|Any CPU
		{9F89B7C6-A259-4AD6-BFA7-496FE60743DB}.Release|Any CPU.Build.0 = Release|Any CPU
		{811A20F3-49AA-4AD7-AF96-9DABDC65EFC6}.Debug|Any CPU.ActiveCfg = Debug|Any CPU
		{811A20F3-49AA-4AD7-AF96-9DABDC65EFC6}.Debug|Any CPU.Build.0 = Debug|Any CPU
		{811A20F3-49AA-4AD7-AF96-9DABDC65EFC6}.Release|Any CPU.ActiveCfg = Release|Any CPU
		{811A20F3-49AA-4AD7-AF96-9DABDC65EFC6}.Release|Any CPU.Build.0 = Release|Any CPU
	EndGlobalSection
	GlobalSection(SolutionProperties) = preSolution
		HideSolutionNode = FALSE
	EndGlobalSection
	GlobalSection(ExtensibilityGlobals) = postSolution
		SolutionGuid = {69E1D473-01DD-4F97-BAB4-AB748B0CE6EE}
	EndGlobalSection
EndGlobal
